version = 1
revision = 1
requires-python = ">=3.10"

[[package]]
name = "colorama"
version = "0.4.6"
source = { registry = "https://pypi.org/simple" }
sdist = { url = "https://files.pythonhosted.org/packages/d8/53/6f443c9a4a8358a93a6792e2acffb9d9d5cb0a5cfd8802644b7b1c9a02e4/colorama-0.4.6.tar.gz", hash = "sha256:08695f5cb7ed6e0531a20572697297273c47b8cae5a63ffc6d6ed5c201be6e44", size = 27697 }
wheels = [
    { url = "https://files.pythonhosted.org/packages/d1/d6/3965ed04c63042e047cb6a3e6ed1a63a35087b6a609aa3a15ed8ac56c221/colorama-0.4.6-py2.py3-none-any.whl", hash = "sha256:4f1d9991f5acc0ca119f9d443620b77f9d6b33703e51011c16baf57afb285fc6", size = 25335 },
]

[[package]]
name = "decohints"
version = "1.0.9"
source = { registry = "https://pypi.org/simple" }
sdist = { url = "https://files.pythonhosted.org/packages/56/f0/791ba6f965487a81c3b494a5c14354f99bc57418d79ab903e72da4b0d4d5/decohints-1.0.9.tar.gz", hash = "sha256:0e066715f003ddef965fce223d1e83bf9102f8bfb5be3e98bc545aef58fca944", size = 7074 }
wheels = [
    { url = "https://files.pythonhosted.org/packages/9b/7b/d4358edcd028eb4313f91d9972d976e81f3dbfb1035a5511f31f73f248b2/decohints-1.0.9-py3-none-any.whl", hash = "sha256:3007256b1b179ccca9e240ea4117c8b59cd31e32de9129c95bbbb867f320c922", size = 7351 },
]

[[package]]
name = "loguru"
version = "0.7.3"
source = { registry = "https://pypi.org/simple" }
dependencies = [
    { name = "colorama", marker = "sys_platform == 'win32'" },
    { name = "win32-setctime", marker = "sys_platform == 'win32'" },
]
sdist = { url = "https://files.pythonhosted.org/packages/3a/05/a1dae3dffd1116099471c643b8924f5aa6524411dc6c63fdae648c4f1aca/loguru-0.7.3.tar.gz", hash = "sha256:19480589e77d47b8d85b2c827ad95d49bf31b0dcde16593892eb51dd18706eb6", size = 63559 }
wheels = [
    { url = "https://files.pythonhosted.org/packages/0c/29/0348de65b8cc732daa3e33e67806420b2ae89bdce2b04af740289c5c6c8c/loguru-0.7.3-py3-none-any.whl", hash = "sha256:31a33c10c8e1e10422bfd431aeb5d351c7cf7fa671e3c4df004162264b28220c", size = 61595 },
]

[[package]]
name = "python-box"
version = "7.3.2"
source = { registry = "https://pypi.org/simple" }
sdist = { url = "https://files.pythonhosted.org/packages/29/f7/635eed8c500adf26208e86e985bbffb6ff039cd8950e3a4749ceca904218/python_box-7.3.2.tar.gz", hash = "sha256:028b9917129e67f311932d93347b8a4f1b500d7a5a2870ee3c035f4e7b19403b", size = 45771 }
wheels = [
    { url = "https://files.pythonhosted.org/packages/ef/ee/7d9a4bc3ac4e693018506fb21893f4ba253694fd31dd93f7195f57a6c8d0/python_box-7.3.2-cp310-cp310-macosx_10_9_universal2.whl", hash = "sha256:d136163294fd61a1554db7dd203f2e3035064798d30c17d67d948f0de5c572de", size = 1832073 },
    { url = "https://files.pythonhosted.org/packages/25/be/97c585206086f50175b72e31f092f0afb3de43013d040097c1febbc7a2ce/python_box-7.3.2-cp310-cp310-manylinux_2_17_x86_64.manylinux2014_x86_64.whl", hash = "sha256:47d72e96547d8e2c2c333909826e9fae338d9a7e4cde07d5c6058cdd468432c0", size = 3954019 },
    { url = "https://files.pythonhosted.org/packages/34/6b/95d1f13ae2c2c72854f8e845385312693a67ba0b2c9499d57476d8394c61/python_box-7.3.2-cp310-cp310-win_amd64.whl", hash = "sha256:3aa52e3b5cc50c80bb7ef4be3e41e81d095310f619454a7ffd61eef3209a6225", size = 1229788 },
    { url = "https://files.pythonhosted.org/packages/1e/3f/133619c00d8a9d4f86efd8626c0e4ec356c8b8dabac66da18dac5cfaf70c/python_box-7.3.2-cp311-cp311-macosx_10_9_universal2.whl", hash = "sha256:32163b1cb151883de0da62b0cd3572610dc72ccf0762f2447baf1d2562e25bea", size = 1834122 },
    { url = "https://files.pythonhosted.org/packages/b7/52/51b6081562daa864847692536260200b337ccb4176d1e5f626ae48a7d493/python_box-7.3.2-cp311-cp311-manylinux_2_17_x86_64.manylinux2014_x86_64.whl", hash = "sha256:064cb59b41e25aaf7dbd39efe53151a5f6797cc1cb3c68610f0f21a9d406d67e", size = 4305556 },
    { url = "https://files.pythonhosted.org/packages/d4/e2/6cdc8649381ae14def88c3e2e93d5b8b17a622a95896e0d1c92861270b7d/python_box-7.3.2-cp311-cp311-win_amd64.whl", hash = "sha256:488f0fba9a6416c3334b602366dcd92825adb0811e07e03753dfcf0ed79cd6f7", size = 1232328 },
    { url = "https://files.pythonhosted.org/packages/45/68/0c2f289d8055d3e1b156ff258847f0e8f1010063e284cf5a612f09435575/python_box-7.3.2-cp312-cp312-macosx_10_13_universal2.whl", hash = "sha256:39009a2da5c20133718b24891a206592adbe09169856aedc450ad1600fc2e511", size = 1819681 },
    { url = "https://files.pythonhosted.org/packages/ce/5d/76b4d6d0e41edb676a229f032848a1ecea166890fa8d501513ea1a030f4d/python_box-7.3.2-cp312-cp312-manylinux_2_17_x86_64.manylinux2014_x86_64.whl", hash = "sha256:2e2a72e2f6fb97c7e472ff3272da207ecc615aa222e52e98352391428527c469", size = 4270424 },
    { url = "https://files.pythonhosted.org/packages/e4/6b/32484b2a3cd2fb5e5f56bfb53a4537d93a4d2014ccf7fc0c0017fa6f65e9/python_box-7.3.2-cp312-cp312-win_amd64.whl", hash = "sha256:9eead914b9fb7d98a1473f5027dcfe27d26b3a10ffa33b9ba22cf948a23cd280", size = 1211252 },
    { url = "https://files.pythonhosted.org/packages/2f/39/8bec609e93dbc5e0d3ea26cfb5af3ca78915f7a55ef5414713462fedeb59/python_box-7.3.2-cp313-cp313-macosx_10_13_universal2.whl", hash = "sha256:1dfc3b9b073f3d7cad1fa90de98eaaa684a494d0574bbc0666f74fa8307fd6b6", size = 1804675 },
    { url = "https://files.pythonhosted.org/packages/88/ae/baf3a8057d8129896a7e02619df43ea0d918fc5b2bb66eb6e2470595fbac/python_box-7.3.2-cp313-cp313-manylinux_2_17_x86_64.manylinux2014_x86_64.whl", hash = "sha256:3ca4685a7f764b5a71b6e08535ce2a96b7964bb63d8cb4df10f6bb7147b6c54b", size = 4265645 },
    { url = "https://files.pythonhosted.org/packages/43/90/72367e03033c11a5e82676ee389b572bf136647ff4e3081557392b37e1ad/python_box-7.3.2-cp313-cp313-win_amd64.whl", hash = "sha256:e143295f74d47a9ab24562ead2375c9be10629599b57f2e86717d3fff60f82a9", size = 1206740 },
    { url = "https://files.pythonhosted.org/packages/37/13/8a990c6e2b6cc12700dce16f3cb383324e6d9a30f604eca22a2fdf84c923/python_box-7.3.2-py3-none-any.whl", hash = "sha256:fd7d74d5a848623f93b5221fd9fb00b8c00ff0e130fa87f396277aa188659c92", size = 29479 },
]

[[package]]
name = "r00logger"
version = "0.1.4"
source = { registry = "https://pypi.org/simple" }
dependencies = [
    { name = "decohints" },
    { name = "loguru" },
]
sdist = { url = "https://files.pythonhosted.org/packages/50/d4/bf7421525b209eb2019d7e8e57b1b2b6887c1364cf3545192d6acf0f5e3c/r00logger-0.1.4.tar.gz", hash = "sha256:cc52236e8e47b4ec500f49d5cbbb41caac6a115e256675b2dad8318aea4ec896", size = 5853 }
wheels = [
    { url = "https://files.pythonhosted.org/packages/07/40/066cfb8c8cd07a9dd4dc4eb38be6028a5dc13829105d8e99a1d0b694b237/r00logger-0.1.4-py3-none-any.whl", hash = "sha256:e461293ec55e5f352286279a2c52ac7ace0a8c2fba41cdebd6ca18f2a1bfbdfb", size = 6625 },
]

[[package]]
name = "r00secret"
version = "0.1.3"
source = { editable = "." }
dependencies = [
    { name = "python-box" },
    { name = "r00logger" },
    { name = "ruamel-yaml" },
]

[package.metadata]
requires-dist = [
    { name = "python-box", specifier = ">=7.3.2" },
    { name = "r00logger" },
    { name = "ruamel-yaml" },
]

[[package]]
name = "ruamel-yaml"
version = "0.18.14"
source = { registry = "https://pypi.org/simple" }
dependencies = [
    { name = "ruamel-yaml-clib", marker = "python_full_version < '3.14' and platform_python_implementation == 'CPython'" },
]
sdist = { url = "https://files.pythonhosted.org/packages/39/87/6da0df742a4684263261c253f00edd5829e6aca970fff69e75028cccc547/ruamel.yaml-0.18.14.tar.gz", hash = "sha256:7227b76aaec364df15936730efbf7d72b30c0b79b1d578bbb8e3dcb2d81f52b7", size = 145511 }
wheels = [
    { url = "https://files.pythonhosted.org/packages/af/6d/6fe4805235e193aad4aaf979160dd1f3c487c57d48b810c816e6e842171b/ruamel.yaml-0.18.14-py3-none-any.whl", hash = "sha256:710ff198bb53da66718c7db27eec4fbcc9aa6ca7204e4c1df2f282b6fe5eb6b2", size = 118570 },
]

[[package]]
name = "ruamel-yaml-clib"
version = "0.2.12"
source = { registry = "https://pypi.org/simple" }
sdist = { url = "https://files.pythonhosted.org/packages/20/84/80203abff8ea4993a87d823a5f632e4d92831ef75d404c9fc78d0176d2b5/ruamel.yaml.clib-0.2.12.tar.gz", hash = "sha256:6c8fbb13ec503f99a91901ab46e0b07ae7941cd527393187039aec586fdfd36f", size = 225315 }
wheels = [
    { url = "https://files.pythonhosted.org/packages/70/57/40a958e863e299f0c74ef32a3bde9f2d1ea8d69669368c0c502a0997f57f/ruamel.yaml.clib-0.2.12-cp310-cp310-macosx_13_0_arm64.whl", hash = "sha256:11f891336688faf5156a36293a9c362bdc7c88f03a8a027c2c1d8e0bcde998e5", size = 131301 },
    { url = "https://files.pythonhosted.org/packages/98/a8/29a3eb437b12b95f50a6bcc3d7d7214301c6c529d8fdc227247fa84162b5/ruamel.yaml.clib-0.2.12-cp310-cp310-manylinux2014_aarch64.whl", hash = "sha256:a606ef75a60ecf3d924613892cc603b154178ee25abb3055db5062da811fd969", size = 633728 },
    { url = "https://files.pythonhosted.org/packages/35/6d/ae05a87a3ad540259c3ad88d71275cbd1c0f2d30ae04c65dcbfb6dcd4b9f/ruamel.yaml.clib-0.2.12-cp310-cp310-manylinux_2_17_x86_64.manylinux2014_x86_64.whl", hash = "sha256:fd5415dded15c3822597455bc02bcd66e81ef8b7a48cb71a33628fc9fdde39df", size = 722230 },
    { url = "https://files.pythonhosted.org/packages/7f/b7/20c6f3c0b656fe609675d69bc135c03aac9e3865912444be6339207b6648/ruamel.yaml.clib-0.2.12-cp310-cp310-manylinux_2_5_i686.manylinux1_i686.manylinux_2_17_i686.manylinux2014_i686.whl", hash = "sha256:f66efbc1caa63c088dead1c4170d148eabc9b80d95fb75b6c92ac0aad2437d76", size = 686712 },
    { url = "https://files.pythonhosted.org/packages/cd/11/d12dbf683471f888d354dac59593873c2b45feb193c5e3e0f2ebf85e68b9/ruamel.yaml.clib-0.2.12-cp310-cp310-musllinux_1_1_i686.whl", hash = "sha256:22353049ba4181685023b25b5b51a574bce33e7f51c759371a7422dcae5402a6", size = 663936 },
    { url = "https://files.pythonhosted.org/packages/72/14/4c268f5077db5c83f743ee1daeb236269fa8577133a5cfa49f8b382baf13/ruamel.yaml.clib-0.2.12-cp310-cp310-musllinux_1_1_x86_64.whl", hash = "sha256:932205970b9f9991b34f55136be327501903f7c66830e9760a8ffb15b07f05cd", size = 696580 },
    { url = "https://files.pythonhosted.org/packages/30/fc/8cd12f189c6405a4c1cf37bd633aa740a9538c8e40497c231072d0fef5cf/ruamel.yaml.clib-0.2.12-cp310-cp310-musllinux_1_2_aarch64.whl", hash = "sha256:a52d48f4e7bf9005e8f0a89209bf9a73f7190ddf0489eee5eb51377385f59f2a", size = 663393 },
    { url = "https://files.pythonhosted.org/packages/80/29/c0a017b704aaf3cbf704989785cd9c5d5b8ccec2dae6ac0c53833c84e677/ruamel.yaml.clib-0.2.12-cp310-cp310-win32.whl", hash = "sha256:3eac5a91891ceb88138c113f9db04f3cebdae277f5d44eaa3651a4f573e6a5da", size = 100326 },
    { url = "https://files.pythonhosted.org/packages/3a/65/fa39d74db4e2d0cd252355732d966a460a41cd01c6353b820a0952432839/ruamel.yaml.clib-0.2.12-cp310-cp310-win_amd64.whl", hash = "sha256:ab007f2f5a87bd08ab1499bdf96f3d5c6ad4dcfa364884cb4549aa0154b13a28", size = 118079 },
    { url = "https://files.pythonhosted.org/packages/fb/8f/683c6ad562f558cbc4f7c029abcd9599148c51c54b5ef0f24f2638da9fbb/ruamel.yaml.clib-0.2.12-cp311-cp311-macosx_13_0_arm64.whl", hash = "sha256:4a6679521a58256a90b0d89e03992c15144c5f3858f40d7c18886023d7943db6", size = 132224 },
    { url = "https://files.pythonhosted.org/packages/3c/d2/b79b7d695e2f21da020bd44c782490578f300dd44f0a4c57a92575758a76/ruamel.yaml.clib-0.2.12-cp311-cp311-manylinux2014_aarch64.whl", hash = "sha256:d84318609196d6bd6da0edfa25cedfbabd8dbde5140a0a23af29ad4b8f91fb1e", size = 641480 },
    { url = "https://files.pythonhosted.org/packages/68/6e/264c50ce2a31473a9fdbf4fa66ca9b2b17c7455b31ef585462343818bd6c/ruamel.yaml.clib-0.2.12-cp311-cp311-manylinux_2_17_x86_64.manylinux2014_x86_64.whl", hash = "sha256:bb43a269eb827806502c7c8efb7ae7e9e9d0573257a46e8e952f4d4caba4f31e", size = 739068 },
    { url = "https://files.pythonhosted.org/packages/86/29/88c2567bc893c84d88b4c48027367c3562ae69121d568e8a3f3a8d363f4d/ruamel.yaml.clib-0.2.12-cp311-cp311-manylinux_2_5_i686.manylinux1_i686.manylinux_2_17_i686.manylinux2014_i686.whl", hash = "sha256:811ea1594b8a0fb466172c384267a4e5e367298af6b228931f273b111f17ef52", size = 703012 },
    { url = "https://files.pythonhosted.org/packages/11/46/879763c619b5470820f0cd6ca97d134771e502776bc2b844d2adb6e37753/ruamel.yaml.clib-0.2.12-cp311-cp311-musllinux_1_1_i686.whl", hash = "sha256:cf12567a7b565cbf65d438dec6cfbe2917d3c1bdddfce84a9930b7d35ea59642", size = 704352 },
    { url = "https://files.pythonhosted.org/packages/02/80/ece7e6034256a4186bbe50dee28cd032d816974941a6abf6a9d65e4228a7/ruamel.yaml.clib-0.2.12-cp311-cp311-musllinux_1_1_x86_64.whl", hash = "sha256:7dd5adc8b930b12c8fc5b99e2d535a09889941aa0d0bd06f4749e9a9397c71d2", size = 737344 },
    { url = "https://files.pythonhosted.org/packages/f0/ca/e4106ac7e80efbabdf4bf91d3d32fc424e41418458251712f5672eada9ce/ruamel.yaml.clib-0.2.12-cp311-cp311-musllinux_1_2_aarch64.whl", hash = "sha256:1492a6051dab8d912fc2adeef0e8c72216b24d57bd896ea607cb90bb0c4981d3", size = 714498 },
    { url = "https://files.pythonhosted.org/packages/67/58/b1f60a1d591b771298ffa0428237afb092c7f29ae23bad93420b1eb10703/ruamel.yaml.clib-0.2.12-cp311-cp311-win32.whl", hash = "sha256:bd0a08f0bab19093c54e18a14a10b4322e1eacc5217056f3c063bd2f59853ce4", size = 100205 },
    { url = "https://files.pythonhosted.org/packages/b4/4f/b52f634c9548a9291a70dfce26ca7ebce388235c93588a1068028ea23fcc/ruamel.yaml.clib-0.2.12-cp311-cp311-win_amd64.whl", hash = "sha256:a274fb2cb086c7a3dea4322ec27f4cb5cc4b6298adb583ab0e211a4682f241eb", size = 118185 },
    { url = "https://files.pythonhosted.org/packages/48/41/e7a405afbdc26af961678474a55373e1b323605a4f5e2ddd4a80ea80f628/ruamel.yaml.clib-0.2.12-cp312-cp312-macosx_14_0_arm64.whl", hash = "sha256:20b0f8dc160ba83b6dcc0e256846e1a02d044e13f7ea74a3d1d56ede4e48c632", size = 133433 },
    { url = "https://files.pythonhosted.org/packages/ec/b0/b850385604334c2ce90e3ee1013bd911aedf058a934905863a6ea95e9eb4/ruamel.yaml.clib-0.2.12-cp312-cp312-manylinux2014_aarch64.whl", hash = "sha256:943f32bc9dedb3abff9879edc134901df92cfce2c3d5c9348f172f62eb2d771d", size = 647362 },
    { url = "https://files.pythonhosted.org/packages/44/d0/3f68a86e006448fb6c005aee66565b9eb89014a70c491d70c08de597f8e4/ruamel.yaml.clib-0.2.12-cp312-cp312-manylinux_2_17_x86_64.manylinux2014_x86_64.whl", hash = "sha256:95c3829bb364fdb8e0332c9931ecf57d9be3519241323c5274bd82f709cebc0c", size = 754118 },
    { url = "https://files.pythonhosted.org/packages/52/a9/d39f3c5ada0a3bb2870d7db41901125dbe2434fa4f12ca8c5b83a42d7c53/ruamel.yaml.clib-0.2.12-cp312-cp312-manylinux_2_5_i686.manylinux1_i686.manylinux_2_17_i686.manylinux2014_i686.whl", hash = "sha256:749c16fcc4a2b09f28843cda5a193e0283e47454b63ec4b81eaa2242f50e4ccd", size = 706497 },
    { url = "https://files.pythonhosted.org/packages/b0/fa/097e38135dadd9ac25aecf2a54be17ddf6e4c23e43d538492a90ab3d71c6/ruamel.yaml.clib-0.2.12-cp312-cp312-musllinux_1_1_i686.whl", hash = "sha256:bf165fef1f223beae7333275156ab2022cffe255dcc51c27f066b4370da81e31", size = 698042 },
    { url = "https://files.pythonhosted.org/packages/ec/d5/a659ca6f503b9379b930f13bc6b130c9f176469b73b9834296822a83a132/ruamel.yaml.clib-0.2.12-cp312-cp312-musllinux_1_1_x86_64.whl", hash = "sha256:32621c177bbf782ca5a18ba4d7af0f1082a3f6e517ac2a18b3974d4edf349680", size = 745831 },
    { url = "https://files.pythonhosted.org/packages/db/5d/36619b61ffa2429eeaefaab4f3374666adf36ad8ac6330d855848d7d36fd/ruamel.yaml.clib-0.2.12-cp312-cp312-musllinux_1_2_aarch64.whl", hash = "sha256:b82a7c94a498853aa0b272fd5bc67f29008da798d4f93a2f9f289feb8426a58d", size = 715692 },
    { url = "https://files.pythonhosted.org/packages/b1/82/85cb92f15a4231c89b95dfe08b09eb6adca929ef7df7e17ab59902b6f589/ruamel.yaml.clib-0.2.12-cp312-cp312-win32.whl", hash = "sha256:e8c4ebfcfd57177b572e2040777b8abc537cdef58a2120e830124946aa9b42c5", size = 98777 },
    { url = "https://files.pythonhosted.org/packages/d7/8f/c3654f6f1ddb75daf3922c3d8fc6005b1ab56671ad56ffb874d908bfa668/ruamel.yaml.clib-0.2.12-cp312-cp312-win_amd64.whl", hash = "sha256:0467c5965282c62203273b838ae77c0d29d7638c8a4e3a1c8bdd3602c10904e4", size = 115523 },
    { url = "https://files.pythonhosted.org/packages/29/00/4864119668d71a5fa45678f380b5923ff410701565821925c69780356ffa/ruamel.yaml.clib-0.2.12-cp313-cp313-macosx_14_0_arm64.whl", hash = "sha256:4c8c5d82f50bb53986a5e02d1b3092b03622c02c2eb78e29bec33fd9593bae1a", size = 132011 },
    { url = "https://files.pythonhosted.org/packages/7f/5e/212f473a93ae78c669ffa0cb051e3fee1139cb2d385d2ae1653d64281507/ruamel.yaml.clib-0.2.12-cp313-cp313-manylinux2014_aarch64.whl", hash = "sha256:e7e3736715fbf53e9be2a79eb4db68e4ed857017344d697e8b9749444ae57475", size = 642488 },
    { url = "https://files.pythonhosted.org/packages/1f/8f/ecfbe2123ade605c49ef769788f79c38ddb1c8fa81e01f4dbf5cf1a44b16/ruamel.yaml.clib-0.2.12-cp313-cp313-manylinux_2_17_x86_64.manylinux2014_x86_64.whl", hash = "sha256:0b7e75b4965e1d4690e93021adfcecccbca7d61c7bddd8e22406ef2ff20d74ef", size = 745066 },
    { url = "https://files.pythonhosted.org/packages/e2/a9/28f60726d29dfc01b8decdb385de4ced2ced9faeb37a847bd5cf26836815/ruamel.yaml.clib-0.2.12-cp313-cp313-manylinux_2_5_i686.manylinux1_i686.manylinux_2_17_i686.manylinux2014_i686.whl", hash = "sha256:96777d473c05ee3e5e3c3e999f5d23c6f4ec5b0c38c098b3a5229085f74236c6", size = 701785 },
    { url = "https://files.pythonhosted.org/packages/84/7e/8e7ec45920daa7f76046578e4f677a3215fe8f18ee30a9cb7627a19d9b4c/ruamel.yaml.clib-0.2.12-cp313-cp313-musllinux_1_1_i686.whl", hash = "sha256:3bc2a80e6420ca8b7d3590791e2dfc709c88ab9152c00eeb511c9875ce5778bf", size = 693017 },
    { url = "https://files.pythonhosted.org/packages/c5/b3/d650eaade4ca225f02a648321e1ab835b9d361c60d51150bac49063b83fa/ruamel.yaml.clib-0.2.12-cp313-cp313-musllinux_1_1_x86_64.whl", hash = "sha256:e188d2699864c11c36cdfdada94d781fd5d6b0071cd9c427bceb08ad3d7c70e1", size = 741270 },
    { url = "https://files.pythonhosted.org/packages/87/b8/01c29b924dcbbed75cc45b30c30d565d763b9c4d540545a0eeecffb8f09c/ruamel.yaml.clib-0.2.12-cp313-cp313-musllinux_1_2_aarch64.whl", hash = "sha256:4f6f3eac23941b32afccc23081e1f50612bdbe4e982012ef4f5797986828cd01", size = 709059 },
    { url = "https://files.pythonhosted.org/packages/30/8c/ed73f047a73638257aa9377ad356bea4d96125b305c34a28766f4445cc0f/ruamel.yaml.clib-0.2.12-cp313-cp313-win32.whl", hash = "sha256:6442cb36270b3afb1b4951f060eccca1ce49f3d087ca1ca4563a6eb479cb3de6", size = 98583 },
    { url = "https://files.pythonhosted.org/packages/b0/85/e8e751d8791564dd333d5d9a4eab0a7a115f7e349595417fd50ecae3395c/ruamel.yaml.clib-0.2.12-cp313-cp313-win_amd64.whl", hash = "sha256:e5b8daf27af0b90da7bb903a876477a9e6d7270be6146906b276605997c7e9a3", size = 115190 },
]

[[package]]
name = "win32-setctime"
version = "1.2.0"
source = { registry = "https://pypi.org/simple" }
sdist = { url = "https://files.pythonhosted.org/packages/b3/8f/705086c9d734d3b663af0e9bb3d4de6578d08f46b1b101c2442fd9aecaa2/win32_setctime-1.2.0.tar.gz", hash = "sha256:ae1fdf948f5640aae05c511ade119313fb6a30d7eabe25fef9764dca5873c4c0", size = 4867 }
wheels = [
    { url = "https://files.pythonhosted.org/packages/e1/07/c6fe3ad3e685340704d314d765b7912993bcb8dc198f0e7a89382d37974b/win32_setctime-1.2.0-py3-none-any.whl", hash = "sha256:95d644c4e708aba81dc3704a116d8cbc974d70b3bdb8be1d150e36be6e9d1390", size = 4083 },
]
