version = 1
revision = 2
requires-python = ">=3.8"

[[package]]
name = "zen-engine"
version = "0.48.0"
source = { registry = "https://pypi.org/simple" }
sdist = { url = "https://files.pythonhosted.org/packages/d7/59/1e39020329e235da538fd8cfc45165ca826f0cdda61ebb9bbc6d554c8af3/zen_engine-0.48.0.tar.gz", hash = "sha256:09754317f3bb8112560aceae779cf4e4fd2091e8df045a8e33d47e958425e53d", size = 200787, upload-time = "2025-06-18T09:16:42.19Z" }
wheels = [
    { url = "https://files.pythonhosted.org/packages/58/cc/044d5fe81a1b08cc7fbdafbee2a9ddf99b527e2b73b111cd13743d651e6e/zen_engine-0.48.0-cp310-cp310-manylinux_2_28_aarch64.whl", hash = "sha256:523bede55e5921f2accb6fb7608504ebf5ddf280863ccabc650595747c4be09a", size = 4061180, upload-time = "2025-06-18T09:15:55.104Z" },
    { url = "https://files.pythonhosted.org/packages/f4/13/eb42379b7aee9bea795efcc903453c5ce4337708e233934db73a1c3334de/zen_engine-0.48.0-cp310-cp310-manylinux_2_28_x86_64.whl", hash = "sha256:c5319a362d9cab1d60678fcc4ab11b2dc1417a0129d7987f29475cc4fc403ddc", size = 4357445, upload-time = "2025-06-18T09:15:57.197Z" },
    { url = "https://files.pythonhosted.org/packages/9c/25/2c91bf9ae07a9d0c9c0bfa412116aefbefe3d22b4ba19939bf182dd7fda8/zen_engine-0.48.0-cp310-cp310-win_amd64.whl", hash = "sha256:a4eb756f4c92d17b63fdff5f3748c1e4465f89805e04a3bc5d1ce7898304ee5c", size = 4312001, upload-time = "2025-06-18T09:15:58.495Z" },
    { url = "https://files.pythonhosted.org/packages/75/4b/e8c352a93dff88757c3b3b8487f200b38d2618033ce894878bed4c4b9db8/zen_engine-0.48.0-cp311-cp311-macosx_10_12_x86_64.whl", hash = "sha256:5798de747086cdaa9d99334dbf86593892be6dc5e4414bd3a7cccc65da4b21ca", size = 4131598, upload-time = "2025-06-18T09:15:59.867Z" },
    { url = "https://files.pythonhosted.org/packages/4c/e5/1486c04f045f60c435114f4bad70615f12c220bc10f192d4be4ade9adf84/zen_engine-0.48.0-cp311-cp311-macosx_11_0_arm64.whl", hash = "sha256:32113d081050298324be807a7469229f54e5259843a3f79c89bc25962bee5cc7", size = 3847752, upload-time = "2025-06-18T09:16:01.117Z" },
    { url = "https://files.pythonhosted.org/packages/67/a6/24785af76d06eaf6d963886549120ad4b17e456fc92ab7830ed0a10b7423/zen_engine-0.48.0-cp311-cp311-manylinux_2_28_aarch64.whl", hash = "sha256:1511f55602de3bf2c6c1de47b81a13f4c87ebe634901c2156152a94c7bacf32a", size = 4061657, upload-time = "2025-06-18T09:16:02.408Z" },
    { url = "https://files.pythonhosted.org/packages/7f/53/615a2b1e0a4744300c7678c13353b7d5863dc7d0f01a012b73ea435f4a03/zen_engine-0.48.0-cp311-cp311-manylinux_2_28_x86_64.whl", hash = "sha256:d8b18c7ed88fc2fc161c90b8699182b1e4e12f7a8e941e0561b2e32e594def37", size = 4357717, upload-time = "2025-06-18T09:16:04.411Z" },
    { url = "https://files.pythonhosted.org/packages/88/77/280a9363618b9fba89df6c6388497b402bd313c1f95766aa92e0c1a43959/zen_engine-0.48.0-cp311-cp311-win_amd64.whl", hash = "sha256:728eed21339f1696a2cdc79a23a7de5d3ccc95d6c1373892d17cf116680f7d31", size = 4312345, upload-time = "2025-06-18T09:16:06.005Z" },
    { url = "https://files.pythonhosted.org/packages/24/03/ff87d2c787bc88ded63462afd904e6aba4caff66fca1ca8dee697ad272ff/zen_engine-0.48.0-cp312-cp312-macosx_10_12_x86_64.whl", hash = "sha256:044c9fbd71c1c8fcaddc7ba6f85e9f7f15dfa81f9e51240a090e3b253a4336d7", size = 4126981, upload-time = "2025-06-18T09:16:07.44Z" },
    { url = "https://files.pythonhosted.org/packages/97/99/53c9c57da979766c23ffa91a7a3a030877b3a1ef4b2163ef1c2f43f4041d/zen_engine-0.48.0-cp312-cp312-macosx_11_0_arm64.whl", hash = "sha256:1ddae68882a34e5c0a8ae0177685310761a231c1f3e2c15ab6d61d037b355399", size = 3840469, upload-time = "2025-06-18T09:16:08.691Z" },
    { url = "https://files.pythonhosted.org/packages/07/1e/d1e8450823cb6a864b455e7a936e5436ce021ab542fed4e29060aa7c4994/zen_engine-0.48.0-cp312-cp312-manylinux_2_28_aarch64.whl", hash = "sha256:b389062509244c666b95a69c89115cc7498f7f76770be043c5f6853df2689c3f", size = 4057962, upload-time = "2025-06-18T09:16:09.924Z" },
    { url = "https://files.pythonhosted.org/packages/4a/47/aa3b6ec4a22f4c7625a1d2ade1bd67f649fce33ab3228a7f6915575aa829/zen_engine-0.48.0-cp312-cp312-manylinux_2_28_x86_64.whl", hash = "sha256:861637a7ccaa7bc7dfdc0ba2c6326df955d063f59f902fc9155311d71e21830d", size = 4355855, upload-time = "2025-06-18T09:16:11.557Z" },
    { url = "https://files.pythonhosted.org/packages/6b/dd/26ff76af51f0efdcecb51bb5ce2a43ba89a62634042ac03880d62506dc63/zen_engine-0.48.0-cp312-cp312-win_amd64.whl", hash = "sha256:64f983cdec3b2875fcef4a84c83883274a6aac0778ce16ad829d533ce73cd01b", size = 4310311, upload-time = "2025-06-18T09:16:14.037Z" },
    { url = "https://files.pythonhosted.org/packages/e1/e3/fb935fab25821744e853410dd3ddf8e7c1c95ee431126192e81bb033b36f/zen_engine-0.48.0-cp313-cp313-macosx_10_12_x86_64.whl", hash = "sha256:fd3c94d1761a8fbf3dba3bee1b45e6aa5b1b8ba78462ad32006061ee34e239a9", size = 4128911, upload-time = "2025-06-18T09:16:15.437Z" },
    { url = "https://files.pythonhosted.org/packages/32/df/3de8dfee2febfe415cc1d54b1ff2f7a65f92a4e28a86ae34a39828892a43/zen_engine-0.48.0-cp313-cp313-macosx_11_0_arm64.whl", hash = "sha256:f3e2f61474cf77d51663a899f9e41b434fc02734db70debc768c91ee821da726", size = 3842594, upload-time = "2025-06-18T09:16:16.617Z" },
    { url = "https://files.pythonhosted.org/packages/b4/a5/cf5b2e878ea931917a440ed74d671497a21c47e9a6a20a28e6d8ce5df661/zen_engine-0.48.0-cp313-cp313-manylinux_2_28_aarch64.whl", hash = "sha256:7206b26dc90ce3826cde682ef628546f19a03f1840106bee4292c35b4b70fd38", size = 4057759, upload-time = "2025-06-18T09:16:17.793Z" },
    { url = "https://files.pythonhosted.org/packages/7f/eb/1a53cca3fefc3bda37606cf31c6d5c9853995532a11ed40c60e07fc8c20d/zen_engine-0.48.0-cp313-cp313-manylinux_2_28_x86_64.whl", hash = "sha256:487f986c3763a882e28760f197efbb401f64f0f42dd7a013c65d77a6f04ed580", size = 4355770, upload-time = "2025-06-18T09:16:18.97Z" },
    { url = "https://files.pythonhosted.org/packages/39/3a/da6c7072e458769c98c027725f17886b5f3ef14a39e1eb56b1fe8ae4a188/zen_engine-0.48.0-cp313-cp313-win_amd64.whl", hash = "sha256:bba7f5d9b06caa5ada23ab62696c27a4777a5a9dd36727c9ab0b7c8642334c67", size = 4310036, upload-time = "2025-06-18T09:16:20.086Z" },
    { url = "https://files.pythonhosted.org/packages/89/be/623491c95714524b82f7a357675e4639838484028857ead868cee9fb6e7f/zen_engine-0.48.0-cp313-cp313t-manylinux_2_28_aarch64.whl", hash = "sha256:637dc92c26697cdc8de73a8bc661cd9e17945dcc546db7712ff947069290b42d", size = 4053219, upload-time = "2025-06-18T09:16:21.32Z" },
    { url = "https://files.pythonhosted.org/packages/b5/cc/ab1c43c094decc021dd6939ae64e08166779fa71ca1c9ff22670b2711e9f/zen_engine-0.48.0-cp38-cp38-manylinux_2_28_aarch64.whl", hash = "sha256:f15658c7359357228d966f04ce547e39adede9fab67fce705cc18a7c25755bb9", size = 4061823, upload-time = "2025-06-18T09:16:29.03Z" },
    { url = "https://files.pythonhosted.org/packages/e0/d0/6faff6da8f99cd5839b9b27d196e59942c49f5903cab66342a67925926e6/zen_engine-0.48.0-cp38-cp38-manylinux_2_28_x86_64.whl", hash = "sha256:c49417757bf2a4939d45ce99f75079ff1dcaa0bca75c10f2a4c3c5374d2f6770", size = 4357734, upload-time = "2025-06-18T09:16:30.231Z" },
    { url = "https://files.pythonhosted.org/packages/98/3d/7914bb1fd0ccba1a3df5d5f2a5c7d4a59ac1a51599e1a6309abfa842ffa5/zen_engine-0.48.0-cp39-cp39-manylinux_2_28_aarch64.whl", hash = "sha256:f4d700cc8a7c1887bf3677954d7ce96633d9bce9d4e59636be769db0ea3a94fc", size = 4061914, upload-time = "2025-06-18T09:16:31.485Z" },
    { url = "https://files.pythonhosted.org/packages/db/aa/a5ada544bafc1c6471f33a92e32d9fb2351116818fc4ffd0dab76767a1a9/zen_engine-0.48.0-cp39-cp39-manylinux_2_28_x86_64.whl", hash = "sha256:31f0e528629ae7ca11992a2988b3f1f5eb5c09302e7d9a5debb44ca8ce33aa9b", size = 4357869, upload-time = "2025-06-18T09:16:32.666Z" },
    { url = "https://files.pythonhosted.org/packages/93/df/fc9906be20de5ac40856c7238f084997235307fc4d0f8f125d8e02dec24c/zen_engine-0.48.0-cp39-cp39-win_amd64.whl", hash = "sha256:7eaddafce8d9bebbb457a04aacf0a56f456728ac4c7f185961b592ede7cf99df", size = 4312550, upload-time = "2025-06-18T09:16:34.3Z" },
    { url = "https://files.pythonhosted.org/packages/07/84/9104770b5ec2539d2871bbcdc48e3bf24352aed5ff5b153a3930a18d1318/zen_engine-0.48.0-pp310-pypy310_pp73-manylinux_2_28_aarch64.whl", hash = "sha256:cec5a9ed30f9f1495c9d22c1081a19df8e30fab7fd878c056be4dc24d411a36c", size = 4061534, upload-time = "2025-06-18T09:16:35.8Z" },
    { url = "https://files.pythonhosted.org/packages/92/c3/c7cb7ae703d7d0937d678fd67607af5ca60a0891731ba15ac25049a7c5ca/zen_engine-0.48.0-pp310-pypy310_pp73-manylinux_2_28_x86_64.whl", hash = "sha256:f9a29dbf3c672df6a246c16b946dd419bb706c82d4e5405576b5a95598617dce", size = 4357664, upload-time = "2025-06-18T09:16:37.107Z" },
    { url = "https://files.pythonhosted.org/packages/56/b5/d5e4c3d9568641d179b1caa8e5fdbcc1a6ae91431fbe4e393467686f4db2/zen_engine-0.48.0-pp311-pypy311_pp73-manylinux_2_28_aarch64.whl", hash = "sha256:149c18bfc7271d6e2d3088c2a112121b0746c50c56fbab4fc22067f445aa9262", size = 4061725, upload-time = "2025-06-18T09:16:38.323Z" },
    { url = "https://files.pythonhosted.org/packages/21/e2/e9d47f3d8e9d784e52e27ee819aaf8551232e0c1d69978454ab65eb659e0/zen_engine-0.48.0-pp39-pypy39_pp73-manylinux_2_28_aarch64.whl", hash = "sha256:ad293600065745fba835450ff77eaef52cda40ba792c24bd0697c353bdbff311", size = 4061927, upload-time = "2025-06-18T09:16:39.605Z" },
    { url = "https://files.pythonhosted.org/packages/a0/ed/dd9b953343ea2b112d7c10aa7ca7ab7370bd51e7dd5bc439e4b551f34575/zen_engine-0.48.0-pp39-pypy39_pp73-manylinux_2_28_x86_64.whl", hash = "sha256:631bd40cd957572f66c0498b18214f54ee6a0cf8c1a083e905fdca79d0800742", size = 4357736, upload-time = "2025-06-18T09:16:40.884Z" },
]

[[package]]
name = "zen-rule"
version = "0.1.0"
source = { editable = "." }
dependencies = [
    { name = "zen-engine" },
]

[package.metadata]
requires-dist = [{ name = "zen-engine" }]
