version: 6
environments:
  default:
    channels:
    - url: https://conda.anaconda.org/conda-forge/
    indexes:
    - https://pypi.org/simple
    packages:
      win-64:
      - conda: https://conda.anaconda.org/conda-forge/noarch/anyio-4.6.2.post1-pyhd8ed1ab_0.conda
      - conda: https://conda.anaconda.org/conda-forge/noarch/attrs-24.2.0-pyh71513ae_0.conda
      - conda: https://conda.anaconda.org/conda-forge/noarch/backports-1.0-pyhd8ed1ab_4.conda
      - conda: https://conda.anaconda.org/conda-forge/noarch/backports.tarfile-1.2.0-pyhd8ed1ab_0.conda
      - conda: https://conda.anaconda.org/conda-forge/win-64/brotli-python-1.1.0-py313h5813708_2.conda
      - conda: https://conda.anaconda.org/conda-forge/win-64/bzip2-1.0.8-h2466b09_7.conda
      - conda: https://conda.anaconda.org/conda-forge/win-64/ca-certificates-2024.8.30-h56e8100_0.conda
      - conda: https://conda.anaconda.org/conda-forge/noarch/cattrs-24.1.2-pyhd8ed1ab_0.conda
      - conda: https://conda.anaconda.org/conda-forge/noarch/certifi-2024.8.30-pyhd8ed1ab_0.conda
      - conda: https://conda.anaconda.org/conda-forge/win-64/cffi-1.17.1-py313ha7868ed_0.conda
      - conda: https://conda.anaconda.org/conda-forge/noarch/charset-normalizer-3.4.0-pyhd8ed1ab_0.conda
      - conda: https://conda.anaconda.org/conda-forge/noarch/click-8.1.7-win_pyh7428d3b_0.conda
      - conda: https://conda.anaconda.org/conda-forge/win-64/cmarkgfm-2024.11.20-py313ha7868ed_0.conda
      - conda: https://conda.anaconda.org/conda-forge/noarch/colorama-0.4.6-pyhd8ed1ab_0.tar.bz2
      - conda: https://conda.anaconda.org/conda-forge/noarch/distlib-0.3.9-pyhd8ed1ab_0.conda
      - conda: https://conda.anaconda.org/conda-forge/noarch/docutils-0.21.2-pyhd8ed1ab_0.conda
      - conda: https://conda.anaconda.org/conda-forge/noarch/editables-0.5-pyhd8ed1ab_0.conda
      - conda: https://conda.anaconda.org/conda-forge/noarch/exceptiongroup-1.2.2-pyhd8ed1ab_0.conda
      - conda: https://conda.anaconda.org/conda-forge/noarch/filelock-3.16.1-pyhd8ed1ab_0.conda
      - conda: https://conda.anaconda.org/conda-forge/noarch/h11-0.14.0-pyhd8ed1ab_0.tar.bz2
      - conda: https://conda.anaconda.org/conda-forge/noarch/h2-4.1.0-pyhd8ed1ab_0.tar.bz2
      - conda: https://conda.anaconda.org/conda-forge/noarch/hatch-1.13.0-pyhd8ed1ab_0.conda
      - conda: https://conda.anaconda.org/conda-forge/noarch/hatchling-1.26.3-pypyhff2d567_0.conda
      - conda: https://conda.anaconda.org/conda-forge/noarch/hpack-4.0.0-pyh9f0ad1d_0.tar.bz2
      - conda: https://conda.anaconda.org/conda-forge/noarch/httpcore-1.0.7-pyh29332c3_1.conda
      - conda: https://conda.anaconda.org/conda-forge/noarch/httpx-0.27.2-pyhd8ed1ab_0.conda
      - conda: https://conda.anaconda.org/conda-forge/noarch/hyperframe-6.0.1-pyhd8ed1ab_0.tar.bz2
      - conda: https://conda.anaconda.org/conda-forge/noarch/hyperlink-21.0.0-pyhd3deb0d_0.tar.bz2
      - conda: https://conda.anaconda.org/conda-forge/noarch/idna-3.10-pyhd8ed1ab_0.conda
      - conda: https://conda.anaconda.org/conda-forge/noarch/importlib-metadata-8.5.0-pyha770c72_0.conda
      - conda: https://conda.anaconda.org/conda-forge/noarch/importlib_resources-6.4.5-pyhd8ed1ab_0.conda
      - conda: https://conda.anaconda.org/conda-forge/noarch/iniconfig-2.0.0-pyhd8ed1ab_1.conda
      - conda: https://conda.anaconda.org/conda-forge/noarch/jaraco.classes-3.4.0-pyhd8ed1ab_1.conda
      - conda: https://conda.anaconda.org/conda-forge/noarch/jaraco.context-5.3.0-pyhd8ed1ab_1.conda
      - conda: https://conda.anaconda.org/conda-forge/noarch/jaraco.functools-4.0.0-pyhd8ed1ab_0.conda
      - conda: https://conda.anaconda.org/conda-forge/noarch/keyring-25.5.0-pyh7428d3b_0.conda
      - conda: https://conda.anaconda.org/conda-forge/win-64/libexpat-2.6.4-he0c23c2_0.conda
      - conda: https://conda.anaconda.org/conda-forge/win-64/libffi-3.4.2-h8ffe710_5.tar.bz2
      - conda: https://conda.anaconda.org/conda-forge/win-64/libmpdec-4.0.0-h2466b09_0.conda
      - conda: https://conda.anaconda.org/conda-forge/win-64/libsqlite-3.47.0-h2466b09_1.conda
      - conda: https://conda.anaconda.org/conda-forge/win-64/libzlib-1.3.1-h2466b09_2.conda
      - conda: https://conda.anaconda.org/conda-forge/noarch/markdown-it-py-3.0.0-pyhd8ed1ab_0.conda
      - conda: https://conda.anaconda.org/conda-forge/noarch/mdurl-0.1.2-pyhd8ed1ab_0.conda
      - conda: https://conda.anaconda.org/conda-forge/noarch/more-itertools-10.5.0-pyhd8ed1ab_0.conda
      - conda: https://conda.anaconda.org/conda-forge/win-64/nh3-0.2.18-py313hde2adac_1.conda
      - conda: https://conda.anaconda.org/conda-forge/win-64/openssl-3.4.0-h2466b09_0.conda
      - conda: https://conda.anaconda.org/conda-forge/noarch/packaging-24.2-pyhff2d567_1.conda
      - conda: https://conda.anaconda.org/conda-forge/noarch/pathspec-0.12.1-pyhd8ed1ab_0.conda
      - conda: https://conda.anaconda.org/conda-forge/noarch/pexpect-4.9.0-pyhd8ed1ab_0.conda
      - conda: https://conda.anaconda.org/conda-forge/noarch/pkginfo-1.10.0-pyhd8ed1ab_0.conda
      - conda: https://conda.anaconda.org/conda-forge/noarch/platformdirs-4.3.6-pyhd8ed1ab_0.conda
      - conda: https://conda.anaconda.org/conda-forge/noarch/pluggy-1.5.0-pyhd8ed1ab_0.conda
      - conda: https://conda.anaconda.org/conda-forge/noarch/ptyprocess-0.7.0-pyhd3deb0d_0.tar.bz2
      - conda: https://conda.anaconda.org/conda-forge/noarch/pycparser-2.22-pyhd8ed1ab_0.conda
      - conda: https://conda.anaconda.org/conda-forge/noarch/pygments-2.18.0-pyhd8ed1ab_0.conda
      - conda: https://conda.anaconda.org/conda-forge/noarch/pysocks-1.7.1-pyh0701188_6.tar.bz2
      - conda: https://conda.anaconda.org/conda-forge/noarch/pytest-8.4.1-pyhd8ed1ab_0.conda
      - conda: https://conda.anaconda.org/conda-forge/win-64/python-3.13.0-hf5aa216_100_cp313.conda
      - conda: https://conda.anaconda.org/conda-forge/win-64/python_abi-3.13-5_cp313.conda
      - conda: https://conda.anaconda.org/conda-forge/win-64/pywin32-ctypes-0.2.3-py313hfa70ccb_1.conda
      - conda: https://conda.anaconda.org/conda-forge/noarch/readme_renderer-44.0-pyhd8ed1ab_0.conda
      - conda: https://conda.anaconda.org/conda-forge/noarch/requests-2.32.3-pyhd8ed1ab_0.conda
      - conda: https://conda.anaconda.org/conda-forge/noarch/requests-toolbelt-1.0.0-pyhd8ed1ab_0.conda
      - conda: https://conda.anaconda.org/conda-forge/noarch/rfc3986-2.0.0-pyhd8ed1ab_0.tar.bz2
      - conda: https://conda.anaconda.org/conda-forge/noarch/rich-13.9.4-pyhd8ed1ab_0.conda
      - conda: https://conda.anaconda.org/conda-forge/noarch/shellingham-1.5.4-pyhd8ed1ab_0.conda
      - conda: https://conda.anaconda.org/conda-forge/noarch/sniffio-1.3.1-pyhd8ed1ab_0.conda
      - conda: https://conda.anaconda.org/conda-forge/win-64/tk-8.6.13-h5226925_1.conda
      - conda: https://conda.anaconda.org/conda-forge/noarch/tomli-2.1.0-pyhff2d567_0.conda
      - conda: https://conda.anaconda.org/conda-forge/noarch/tomli-w-1.1.0-pyhd8ed1ab_0.conda
      - conda: https://conda.anaconda.org/conda-forge/noarch/tomlkit-0.13.2-pyha770c72_0.conda
      - conda: https://conda.anaconda.org/conda-forge/noarch/trove-classifiers-2024.10.21.16-pyhd8ed1ab_0.conda
      - conda: https://conda.anaconda.org/conda-forge/noarch/twine-5.1.1-pyhd8ed1ab_0.conda
      - conda: https://conda.anaconda.org/conda-forge/noarch/typing-extensions-4.12.2-hd8ed1ab_0.conda
      - conda: https://conda.anaconda.org/conda-forge/noarch/typing_extensions-4.12.2-pyha770c72_0.conda
      - conda: https://conda.anaconda.org/conda-forge/noarch/tzdata-2024b-hc8b5060_0.conda
      - conda: https://conda.anaconda.org/conda-forge/win-64/ucrt-10.0.22621.0-h57928b3_1.conda
      - conda: https://conda.anaconda.org/conda-forge/noarch/urllib3-2.2.3-pyhd8ed1ab_0.conda
      - conda: https://conda.anaconda.org/conda-forge/noarch/userpath-1.7.0-pyhd8ed1ab_0.tar.bz2
      - conda: https://conda.anaconda.org/conda-forge/win-64/uv-0.5.4-ha08ef0e_0.conda
      - conda: https://conda.anaconda.org/conda-forge/win-64/vc-14.3-ha32ba9b_23.conda
      - conda: https://conda.anaconda.org/conda-forge/win-64/vc14_runtime-14.42.34433-he29a5d6_23.conda
      - conda: https://conda.anaconda.org/conda-forge/noarch/virtualenv-20.28.0-pyhd8ed1ab_0.conda
      - conda: https://conda.anaconda.org/conda-forge/win-64/vs2015_runtime-14.42.34433-hdffcdeb_23.conda
      - conda: https://conda.anaconda.org/conda-forge/noarch/win_inet_pton-1.1.0-pyh7428d3b_7.conda
      - conda: https://conda.anaconda.org/conda-forge/win-64/xz-5.2.6-h8d14728_0.tar.bz2
      - conda: https://conda.anaconda.org/conda-forge/noarch/zipp-3.21.0-pyhd8ed1ab_0.conda
      - conda: https://conda.anaconda.org/conda-forge/win-64/zstandard-0.23.0-py313h574b89f_1.conda
      - conda: https://conda.anaconda.org/conda-forge/win-64/zstd-1.5.6-h0ea2cb4_0.conda
      - pypi: .\
packages:
- conda: https://conda.anaconda.org/conda-forge/noarch/anyio-4.6.2.post1-pyhd8ed1ab_0.conda
  sha256: 4b54b7ce79d818e3cce54ae4d552dba51b7afac160ceecdefd04b3917a37c502
  md5: 688697ec5e9588bdded167d19577625b
  depends:
  - exceptiongroup >=1.0.2
  - idna >=2.8
  - python >=3.9
  - sniffio >=1.1
  - typing_extensions >=4.1
  constrains:
  - uvloop >=0.21.0b1
  - trio >=0.26.1
  license: MIT
  license_family: MIT
  purls:
  - pkg:pypi/anyio?source=hash-mapping
  size: 109864
  timestamp: 1728935803440
- conda: https://conda.anaconda.org/conda-forge/noarch/attrs-24.2.0-pyh71513ae_0.conda
  sha256: 28dba85a7e0f7fb57d7315e13f603d1e41b83c5b88aa2a602596b52c833a2ff8
  md5: 6732fa52eb8e66e5afeb32db8701a791
  depends:
  - python >=3.7
  license: MIT
  license_family: MIT
  purls:
  - pkg:pypi/attrs?source=hash-mapping
  size: 56048
  timestamp: 1722977241383
- conda: https://conda.anaconda.org/conda-forge/noarch/backports-1.0-pyhd8ed1ab_4.conda
  sha256: 31b51537ce7d2ba8b5b3d0095f1813711884304ac1701bc55938ca75f6c82e19
  md5: 67bdebbc334513034826e9b63f769d4c
  depends:
  - python >=3
  license: BSD-3-Clause
  license_family: BSD
  purls: []
  size: 6989
  timestamp: 1722295637981
- conda: https://conda.anaconda.org/conda-forge/noarch/backports.tarfile-1.2.0-pyhd8ed1ab_0.conda
  sha256: 703cc1cb72e395272ce043ae9e2bad6184eeb2371a20a75cb502a5513592d2eb
  md5: 5a4c7e2a240a0092a9571d084fe8bc86
  depends:
  - backports
  - python >=3.8
  license: MIT
  license_family: MIT
  purls:
  - pkg:pypi/backports-tarfile?source=hash-mapping
  size: 32752
  timestamp: 1730879020495
- conda: https://conda.anaconda.org/conda-forge/win-64/brotli-python-1.1.0-py313h5813708_2.conda
  sha256: e89803147849d429f1ba3eec880b487c2cc4cac48a221079001a2ab1216f3709
  md5: c1a5d95bf18940d2b1d12f7bf2fb589b
  depends:
  - python >=3.13.0rc1,<3.14.0a0
  - python_abi 3.13.* *_cp313
  - ucrt >=10.0.20348.0
  - vc >=14.2,<15
  - vc14_runtime >=14.29.30139
  constrains:
  - libbrotlicommon 1.1.0 h2466b09_2
  license: MIT
  license_family: MIT
  purls:
  - pkg:pypi/brotli?source=hash-mapping
  size: 322309
  timestamp: 1725268431915
- conda: https://conda.anaconda.org/conda-forge/win-64/bzip2-1.0.8-h2466b09_7.conda
  sha256: 35a5dad92e88fdd7fc405e864ec239486f4f31eec229e31686e61a140a8e573b
  md5: 276e7ffe9ffe39688abc665ef0f45596
  depends:
  - ucrt >=10.0.20348.0
  - vc >=14.2,<15
  - vc14_runtime >=14.29.30139
  license: bzip2-1.0.6
  license_family: BSD
  purls: []
  size: 54927
  timestamp: 1720974860185
- conda: https://conda.anaconda.org/conda-forge/win-64/ca-certificates-2024.8.30-h56e8100_0.conda
  sha256: 0fcac3a7ffcc556649e034a1802aedf795e64227eaa7194d207b01eaf26454c4
  md5: 4c4fd67c18619be5aa65dc5b6c72e490
  license: ISC
  purls: []
  size: 158773
  timestamp: 1725019107649
- conda: https://conda.anaconda.org/conda-forge/noarch/cattrs-24.1.2-pyhd8ed1ab_0.conda
  sha256: 51abcd19174028e3745ae7c16969ae66c321f047f20bc4383b9f6a692e770364
  md5: ac582de2324988b79870b50c89c91c75
  depends:
  - attrs >=23.1.0
  - exceptiongroup >=1.1.1
  - python >=3.8
  - typing-extensions >=4.1.0,!=4.6.3
  license: MIT
  license_family: MIT
  purls:
  - pkg:pypi/cattrs?source=hash-mapping
  size: 52194
  timestamp: 1727088983570
- conda: https://conda.anaconda.org/conda-forge/noarch/certifi-2024.8.30-pyhd8ed1ab_0.conda
  sha256: 7020770df338c45ac6b560185956c32f0a5abf4b76179c037f115fc7d687819f
  md5: 12f7d00853807b0531775e9be891cb11
  depends:
  - python >=3.7
  license: ISC
  purls:
  - pkg:pypi/certifi?source=hash-mapping
  size: 163752
  timestamp: 1725278204397
- conda: https://conda.anaconda.org/conda-forge/win-64/cffi-1.17.1-py313ha7868ed_0.conda
  sha256: b19f581fe423858f1f477c52e10978be324c55ebf2e418308d30d013f4a476ff
  md5: 519a29d7ac273f8c165efc0af099da42
  depends:
  - pycparser
  - python >=3.13.0rc1,<3.14.0a0
  - python_abi 3.13.* *_cp313
  - ucrt >=10.0.20348.0
  - vc >=14.2,<15
  - vc14_runtime >=14.29.30139
  license: MIT
  license_family: MIT
  purls:
  - pkg:pypi/cffi?source=hash-mapping
  size: 291828
  timestamp: 1725561211547
- conda: https://conda.anaconda.org/conda-forge/noarch/charset-normalizer-3.4.0-pyhd8ed1ab_0.conda
  sha256: 1873ac45ea61f95750cb0b4e5e675d1c5b3def937e80c7eebb19297f76810be8
  md5: a374efa97290b8799046df7c5ca17164
  depends:
  - python >=3.7
  license: MIT
  license_family: MIT
  purls:
  - pkg:pypi/charset-normalizer?source=hash-mapping
  size: 47314
  timestamp: 1728479405343
- conda: https://conda.anaconda.org/conda-forge/noarch/click-8.1.7-win_pyh7428d3b_0.conda
  sha256: 90236b113b9a20041736e80b80ee965167f9aac0468315c55e2bad902d673fb0
  md5: 3549ecbceb6cd77b91a105511b7d0786
  depends:
  - __win
  - colorama
  - python >=3.8
  license: BSD-3-Clause
  license_family: BSD
  purls:
  - pkg:pypi/click?source=hash-mapping
  size: 85051
  timestamp: 1692312207348
- conda: https://conda.anaconda.org/conda-forge/win-64/cmarkgfm-2024.11.20-py313ha7868ed_0.conda
  sha256: ebb28d032a14df9d4f5912e2fc8229ef0ae10b8ebfbbe68b169f91b101dc4d6c
  md5: 22bd38be6f6822fa0ad2d8ad1c0e2797
  depends:
  - cffi >=1.0.0
  - python >=3.13,<3.14.0a0
  - python_abi 3.13.* *_cp313
  - ucrt >=10.0.20348.0
  - vc >=14.2,<15
  - vc14_runtime >=14.29.30139
  license: MIT
  license_family: MIT
  purls:
  - pkg:pypi/cmarkgfm?source=hash-mapping
  size: 121616
  timestamp: 1732193771495
- conda: https://conda.anaconda.org/conda-forge/noarch/colorama-0.4.6-pyhd8ed1ab_0.tar.bz2
  sha256: 2c1b2e9755ce3102bca8d69e8f26e4f087ece73f50418186aee7c74bef8e1698
  md5: 3faab06a954c2a04039983f2c4a50d99
  depends:
  - python >=3.7
  license: BSD-3-Clause
  license_family: BSD
  purls:
  - pkg:pypi/colorama?source=hash-mapping
  size: 25170
  timestamp: 1666700778190
- conda: https://conda.anaconda.org/conda-forge/noarch/distlib-0.3.9-pyhd8ed1ab_0.conda
  sha256: 300b2e714f59403df0560174f5ef6c19db8b4a3b74a7244862cf771f07dee8fb
  md5: fe521c1608280cc2803ebd26dc252212
  depends:
  - python 2.7|>=3.6
  license: Apache-2.0
  license_family: APACHE
  purls:
  - pkg:pypi/distlib?source=hash-mapping
  size: 276214
  timestamp: 1728557312342
- conda: https://conda.anaconda.org/conda-forge/noarch/docutils-0.21.2-pyhd8ed1ab_0.conda
  sha256: 362bfe3afaac18298c48c0c6a935641544077ce5105a42a2d8ebe750ad07c574
  md5: e8cd5d629f65bdf0f3bb312cde14659e
  depends:
  - python >=3.9
  license: CC-PDDC AND BSD-3-Clause AND BSD-2-Clause AND ZPL-2.1
  purls:
  - pkg:pypi/docutils?source=hash-mapping
  size: 403226
  timestamp: 1713930478970
- conda: https://conda.anaconda.org/conda-forge/noarch/editables-0.5-pyhd8ed1ab_0.conda
  sha256: de160a7494e7bc72360eea6a29cbddf194d0a79f45ff417a4de20e6858cf79a9
  md5: 9873878e2a069bc358b69e9a29c1ecd5
  depends:
  - python >=3.7
  license: MIT
  license_family: MIT
  purls:
  - pkg:pypi/editables?source=hash-mapping
  size: 10988
  timestamp: 1705857085102
- conda: https://conda.anaconda.org/conda-forge/noarch/exceptiongroup-1.2.2-pyhd8ed1ab_0.conda
  sha256: e0edd30c4b7144406bb4da975e6bb97d6bc9c0e999aa4efe66ae108cada5d5b5
  md5: d02ae936e42063ca46af6cdad2dbd1e0
  depends:
  - python >=3.7
  license: MIT and PSF-2.0
  purls:
  - pkg:pypi/exceptiongroup?source=hash-mapping
  size: 20418
  timestamp: 1720869435725
- conda: https://conda.anaconda.org/conda-forge/noarch/filelock-3.16.1-pyhd8ed1ab_0.conda
  sha256: 1da766da9dba05091af87977922fe60dc7464091a9ccffb3765d403189d39be4
  md5: 916f8ec5dd4128cd5f207a3c4c07b2c6
  depends:
  - python >=3.7
  license: Unlicense
  purls:
  - pkg:pypi/filelock?source=hash-mapping
  size: 17357
  timestamp: 1726613593584
- conda: https://conda.anaconda.org/conda-forge/noarch/h11-0.14.0-pyhd8ed1ab_0.tar.bz2
  sha256: 817d2c77d53afe3f3d9cf7f6eb8745cdd8ea76c7adaa9d7ced75c455a2c2c085
  md5: b21ed0883505ba1910994f1df031a428
  depends:
  - python >=3
  - typing_extensions
  license: MIT
  license_family: MIT
  purls:
  - pkg:pypi/h11?source=hash-mapping
  size: 48251
  timestamp: 1664132995560
- conda: https://conda.anaconda.org/conda-forge/noarch/h2-4.1.0-pyhd8ed1ab_0.tar.bz2
  sha256: bfc6a23849953647f4e255c782e74a0e18fe16f7e25c7bb0bc57b83bb6762c7a
  md5: b748fbf7060927a6e82df7cb5ee8f097
  depends:
  - hpack >=4.0,<5
  - hyperframe >=6.0,<7
  - python >=3.6.1
  license: MIT
  license_family: MIT
  purls:
  - pkg:pypi/h2?source=hash-mapping
  size: 46754
  timestamp: 1634280590080
- conda: https://conda.anaconda.org/conda-forge/noarch/hatch-1.13.0-pyhd8ed1ab_0.conda
  sha256: 675b0304b129a4dbc39b8e6f337cea51adebef20508a656f43b6e6b43d9cf458
  md5: b8a6437f94d29aef00decdbe1174be27
  depends:
  - click >=8.0.6
  - hatchling >=1.24.2
  - httpx >=0.22.0
  - hyperlink >=21.0.0
  - keyring >=23.5.0
  - packaging >=23.2
  - pexpect >=4.8,<5
  - platformdirs >=2.5.0
  - python >=3.8
  - rich >=11.2.0
  - shellingham >=1.4.0
  - tomli-w >=1.0
  - tomlkit >=0.11.1
  - userpath >=1.7,<2
  - uv >=0.1.35
  - virtualenv >=20.26.1
  - zstandard <1.0
  license: MIT
  license_family: MIT
  purls:
  - pkg:pypi/hatch?source=hash-mapping
  size: 177173
  timestamp: 1728879212263
- conda: https://conda.anaconda.org/conda-forge/noarch/hatchling-1.26.3-pypyhff2d567_0.conda
  sha256: bcd1e3b68ed11c11c974c890341ec03784354c68f6e2fcc518eb3ce8e90d452a
  md5: 31c57e2a780803fd44aba9b726398058
  depends:
  - editables >=0.3
  - importlib-metadata
  - packaging >=21.3
  - pathspec >=0.10.1
  - pluggy >=1.0.0
  - python >=3.7
  - python >=3.8
  - tomli >=1.2.2
  - trove-classifiers
  license: MIT
  license_family: MIT
  purls:
  - pkg:pypi/hatchling?source=hash-mapping
  size: 56816
  timestamp: 1731469419003
- conda: https://conda.anaconda.org/conda-forge/noarch/hpack-4.0.0-pyh9f0ad1d_0.tar.bz2
  sha256: 5dec948932c4f740674b1afb551223ada0c55103f4c7bf86a110454da3d27cb8
  md5: 914d6646c4dbb1fd3ff539830a12fd71
  depends:
  - python
  license: MIT
  license_family: MIT
  purls:
  - pkg:pypi/hpack?source=hash-mapping
  size: 25341
  timestamp: 1598856368685
- conda: https://conda.anaconda.org/conda-forge/noarch/httpcore-1.0.7-pyh29332c3_1.conda
  sha256: c84d012a245171f3ed666a8bf9319580c269b7843ffa79f26468842da3abd5df
  md5: 2ca8e6dbc86525c8b95e3c0ffa26442e
  depends:
  - python >=3.8
  - h11 >=0.13,<0.15
  - h2 >=3,<5
  - sniffio 1.*
  - anyio >=3.0,<5.0
  - certifi
  license: BSD-3-Clause
  license_family: BSD
  purls:
  - pkg:pypi/httpcore?source=hash-mapping
  size: 48959
  timestamp: 1731707562362
- conda: https://conda.anaconda.org/conda-forge/noarch/httpx-0.27.2-pyhd8ed1ab_0.conda
  sha256: 1a33f160548bf447e15c0273899d27e4473f1d5b7ca1441232ec2d9d07c56d03
  md5: 7e9ac3faeebdbd7b53b462c41891e7f7
  depends:
  - anyio
  - certifi
  - httpcore 1.*
  - idna
  - python >=3.8
  - sniffio
  license: BSD-3-Clause
  license_family: BSD
  purls:
  - pkg:pypi/httpx?source=hash-mapping
  size: 65085
  timestamp: 1724778453275
- conda: https://conda.anaconda.org/conda-forge/noarch/hyperframe-6.0.1-pyhd8ed1ab_0.tar.bz2
  sha256: e374a9d0f53149328134a8d86f5d72bca4c6dcebed3c0ecfa968c02996289330
  md5: 9f765cbfab6870c8435b9eefecd7a1f4
  depends:
  - python >=3.6
  license: MIT
  license_family: MIT
  purls:
  - pkg:pypi/hyperframe?source=hash-mapping
  size: 14646
  timestamp: 1619110249723
- conda: https://conda.anaconda.org/conda-forge/noarch/hyperlink-21.0.0-pyhd3deb0d_0.tar.bz2
  sha256: 026cb82ada41be9ee2836a2ace526e85c4603e77617887c41c6e62c9bde798b3
  md5: 1303beb57b40f8f4ff6fb1bb23bf0553
  depends:
  - idna >=2.6
  - python
  license: MIT
  license_family: MIT
  purls:
  - pkg:pypi/hyperlink?source=hash-mapping
  size: 72732
  timestamp: 1610092261086
- conda: https://conda.anaconda.org/conda-forge/noarch/idna-3.10-pyhd8ed1ab_0.conda
  sha256: 8c57fd68e6be5eecba4462e983aed7e85761a519aab80e834bbd7794d4b545b2
  md5: 7ba2ede0e7c795ff95088daf0dc59753
  depends:
  - python >=3.6
  license: BSD-3-Clause
  license_family: BSD
  purls:
  - pkg:pypi/idna?source=hash-mapping
  size: 49837
  timestamp: 1726459583613
- conda: https://conda.anaconda.org/conda-forge/noarch/importlib-metadata-8.5.0-pyha770c72_0.conda
  sha256: 7194700ce1a5ad2621fd68e894dd8c1ceaff9a38723e6e0e5298fdef13017b1c
  md5: 54198435fce4d64d8a89af22573012a8
  depends:
  - python >=3.8
  - zipp >=0.5
  license: Apache-2.0
  license_family: APACHE
  purls:
  - pkg:pypi/importlib-metadata?source=hash-mapping
  size: 28646
  timestamp: 1726082927916
- conda: https://conda.anaconda.org/conda-forge/noarch/importlib_resources-6.4.5-pyhd8ed1ab_0.conda
  sha256: 2cb9db3e40033c3df72d3defc678a012840378fd55a67e4351363d4b321a0dc1
  md5: c808991d29b9838fb4d96ce8267ec9ec
  depends:
  - python >=3.8
  - zipp >=3.1.0
  constrains:
  - importlib-resources >=6.4.5,<6.4.6.0a0
  license: Apache-2.0
  license_family: APACHE
  purls:
  - pkg:pypi/importlib-resources?source=hash-mapping
  size: 32725
  timestamp: 1725921462405
- conda: https://conda.anaconda.org/conda-forge/noarch/iniconfig-2.0.0-pyhd8ed1ab_1.conda
  sha256: 0ec8f4d02053cd03b0f3e63168316530949484f80e16f5e2fb199a1d117a89ca
  md5: 6837f3eff7dcea42ecd714ce1ac2b108
  depends:
  - python >=3.9
  license: MIT
  license_family: MIT
  purls:
  - pkg:pypi/iniconfig?source=hash-mapping
  size: 11474
  timestamp: 1733223232820
- pypi: .\
  name: ioprocmeta
  version: 2.1.1
  sha256: 3cc71d86605cd256846f6475b03cd53a8539f08fd249292cb9087d5f5b69cb3e
  requires_python: '>=3.11'
  editable: true
- conda: https://conda.anaconda.org/conda-forge/noarch/jaraco.classes-3.4.0-pyhd8ed1ab_1.conda
  sha256: 538b1c6df537a36c63fd0ed83cb1c1c25b07d8d3b5e401991fdaff261a4b5b4d
  md5: 7b756504d362cbad9b73a50a5455cafd
  depends:
  - more-itertools
  - python >=3.8
  license: MIT
  license_family: MIT
  purls:
  - pkg:pypi/jaraco-classes?source=hash-mapping
  size: 12223
  timestamp: 1713939433204
- conda: https://conda.anaconda.org/conda-forge/noarch/jaraco.context-5.3.0-pyhd8ed1ab_1.conda
  sha256: 9e2aeacb1aed3ab4fc5883a357e8a874e12f687af300f8708ec12de2995e17d2
  md5: 72d7ad2dcd0f37eccb2ee35a1c8f6aaa
  depends:
  - backports.tarfile
  - python >=3.8
  license: MIT
  license_family: MIT
  purls:
  - pkg:pypi/jaraco-context?source=hash-mapping
  size: 12456
  timestamp: 1714372284922
- conda: https://conda.anaconda.org/conda-forge/noarch/jaraco.functools-4.0.0-pyhd8ed1ab_0.conda
  sha256: d2e866fd22a48eaa2f795b6a3b0bf16f066293322ce04dd65cca36267160ead6
  md5: 547670a612fd335eaa5ffbf0fa75cb64
  depends:
  - more-itertools
  - python >=3.8
  license: MIT
  license_family: MIT
  purls:
  - pkg:pypi/jaraco-functools?source=hash-mapping
  size: 15192
  timestamp: 1701695329516
- conda: https://conda.anaconda.org/conda-forge/noarch/keyring-25.5.0-pyh7428d3b_0.conda
  sha256: 9199708fb578b7150bfd7c37fbb6b876f0432e2514a623148be29b96b8705afe
  md5: 872fd60cb5aef19f8c83dfc6753e0385
  depends:
  - __win
  - importlib-metadata >=4.11.4
  - importlib_resources
  - jaraco.classes
  - jaraco.context
  - jaraco.functools
  - python >=3.8
  - pywin32-ctypes >=0.2.0
  license: MIT
  license_family: MIT
  purls:
  - pkg:pypi/keyring?source=hash-mapping
  size: 37357
  timestamp: 1730056956899
- conda: https://conda.anaconda.org/conda-forge/win-64/libexpat-2.6.4-he0c23c2_0.conda
  sha256: 0c0447bf20d1013d5603499de93a16b6faa92d7ead870d96305c0f065b6a5a12
  md5: eb383771c680aa792feb529eaf9df82f
  depends:
  - ucrt >=10.0.20348.0
  - vc >=14.2,<15
  - vc14_runtime >=14.29.30139
  constrains:
  - expat 2.6.4.*
  license: MIT
  license_family: MIT
  purls: []
  size: 139068
  timestamp: 1730967442102
- conda: https://conda.anaconda.org/conda-forge/win-64/libffi-3.4.2-h8ffe710_5.tar.bz2
  sha256: 1951ab740f80660e9bc07d2ed3aefb874d78c107264fd810f24a1a6211d4b1a5
  md5: 2c96d1b6915b408893f9472569dee135
  depends:
  - vc >=14.1,<15.0a0
  - vs2015_runtime >=14.16.27012
  license: MIT
  license_family: MIT
  purls: []
  size: 42063
  timestamp: 1636489106777
- conda: https://conda.anaconda.org/conda-forge/win-64/libmpdec-4.0.0-h2466b09_0.conda
  sha256: fc529fc82c7caf51202cc5cec5bb1c2e8d90edbac6d0a4602c966366efe3c7bf
  md5: 74860100b2029e2523cf480804c76b9b
  depends:
  - ucrt >=10.0.20348.0
  - vc >=14.2,<15
  - vc14_runtime >=14.29.30139
  license: BSD-2-Clause
  license_family: BSD
  purls: []
  size: 88657
  timestamp: 1723861474602
- conda: https://conda.anaconda.org/conda-forge/win-64/libsqlite-3.47.0-h2466b09_1.conda
  sha256: 3342d6fe787f5830f7e8466d9c65c914bfd8d67220fb5673041b338cbba47afe
  md5: 5b1f36012cc3d09c4eb9f24ad0e2c379
  depends:
  - ucrt >=10.0.20348.0
  - vc >=14.2,<15
  - vc14_runtime >=14.29.30139
  license: Unlicense
  purls: []
  size: 892175
  timestamp: 1730208431651
- conda: https://conda.anaconda.org/conda-forge/win-64/libzlib-1.3.1-h2466b09_2.conda
  sha256: ba945c6493449bed0e6e29883c4943817f7c79cbff52b83360f7b341277c6402
  md5: 41fbfac52c601159df6c01f875de31b9
  depends:
  - ucrt >=10.0.20348.0
  - vc >=14.2,<15
  - vc14_runtime >=14.29.30139
  constrains:
  - zlib 1.3.1 *_2
  license: Zlib
  license_family: Other
  purls: []
  size: 55476
  timestamp: 1727963768015
- conda: https://conda.anaconda.org/conda-forge/noarch/markdown-it-py-3.0.0-pyhd8ed1ab_0.conda
  sha256: c041b0eaf7a6af3344d5dd452815cdc148d6284fec25a4fa3f4263b3a021e962
  md5: 93a8e71256479c62074356ef6ebf501b
  depends:
  - mdurl >=0.1,<1
  - python >=3.8
  license: MIT
  license_family: MIT
  purls:
  - pkg:pypi/markdown-it-py?source=hash-mapping
  size: 64356
  timestamp: 1686175179621
- conda: https://conda.anaconda.org/conda-forge/noarch/mdurl-0.1.2-pyhd8ed1ab_0.conda
  sha256: 64073dfb6bb429d52fff30891877b48c7ec0f89625b1bf844905b66a81cce6e1
  md5: 776a8dd9e824f77abac30e6ef43a8f7a
  depends:
  - python >=3.6
  license: MIT
  license_family: MIT
  purls:
  - pkg:pypi/mdurl?source=hash-mapping
  size: 14680
  timestamp: 1704317789138
- conda: https://conda.anaconda.org/conda-forge/noarch/more-itertools-10.5.0-pyhd8ed1ab_0.conda
  sha256: 2315b7dba237e16b0e1b601725a8e03e062421e0be28d8a25dc35dd9bd93a342
  md5: 3364591bebd600979606791e1dff7cb6
  depends:
  - python >=3.8
  license: MIT
  license_family: MIT
  purls:
  - pkg:pypi/more-itertools?source=hash-mapping
  size: 57345
  timestamp: 1725630183289
- conda: https://conda.anaconda.org/conda-forge/win-64/nh3-0.2.18-py313hde2adac_1.conda
  sha256: acd6999929e0f26e41a0580face4c1b55b075e99ea10c0cca76361d4fa58c139
  md5: 6651fb8041299bd1708e3c140e874589
  depends:
  - python >=3.13.0rc1,<3.14.0a0
  - python_abi 3.13.* *_cp313
  - ucrt >=10.0.20348.0
  - vc >=14.3,<15
  - vc14_runtime >=14.40.33810
  license: MIT
  license_family: MIT
  purls:
  - pkg:pypi/nh3?source=hash-mapping
  size: 496326
  timestamp: 1725342629258
- conda: https://conda.anaconda.org/conda-forge/win-64/openssl-3.4.0-h2466b09_0.conda
  sha256: e03045a0837e01ff5c75e9273a572553e7522290799807f918c917a9826a6484
  md5: d0d805d9b5524a14efb51b3bff965e83
  depends:
  - ca-certificates
  - ucrt >=10.0.20348.0
  - vc >=14.2,<15
  - vc14_runtime >=14.29.30139
  license: Apache-2.0
  license_family: Apache
  purls: []
  size: 8491156
  timestamp: 1731379715927
- conda: https://conda.anaconda.org/conda-forge/noarch/packaging-24.2-pyhff2d567_1.conda
  sha256: 74843f871e5cd8a1baf5ed8c406c571139c287141efe532f8ffbdafa3664d244
  md5: 8508b703977f4c4ada34d657d051972c
  depends:
  - python >=3.8
  license: Apache-2.0
  license_family: APACHE
  purls:
  - pkg:pypi/packaging?source=hash-mapping
  size: 60380
  timestamp: 1731802602808
- conda: https://conda.anaconda.org/conda-forge/noarch/pathspec-0.12.1-pyhd8ed1ab_0.conda
  sha256: 4e534e66bfe8b1e035d2169d0e5b185450546b17e36764272863e22e0370be4d
  md5: 17064acba08d3686f1135b5ec1b32b12
  depends:
  - python >=3.7
  license: MPL-2.0
  license_family: MOZILLA
  purls:
  - pkg:pypi/pathspec?source=hash-mapping
  size: 41173
  timestamp: 1702250135032
- conda: https://conda.anaconda.org/conda-forge/noarch/pexpect-4.9.0-pyhd8ed1ab_0.conda
  sha256: 90a09d134a4a43911b716d4d6eb9d169238aff2349056f7323d9db613812667e
  md5: 629f3203c99b32e0988910c93e77f3b6
  depends:
  - ptyprocess >=0.5
  - python >=3.7
  license: ISC
  purls:
  - pkg:pypi/pexpect?source=hash-mapping
  size: 53600
  timestamp: 1706113273252
- conda: https://conda.anaconda.org/conda-forge/noarch/pkginfo-1.10.0-pyhd8ed1ab_0.conda
  sha256: 3e833f907039646e34d23203cd5c9cc487a451d955d8c8d6581e18a8ccef4cee
  md5: 8c6a4a704308f5d91f3a974a72db1096
  depends:
  - python >=3.7
  license: MIT
  license_family: MIT
  purls:
  - pkg:pypi/pkginfo?source=hash-mapping
  size: 28142
  timestamp: 1709561205511
- conda: https://conda.anaconda.org/conda-forge/noarch/platformdirs-4.3.6-pyhd8ed1ab_0.conda
  sha256: c81bdeadc4adcda216b2c7b373f0335f5c78cc480d1d55d10f21823590d7e46f
  md5: fd8f2b18b65bbf62e8f653100690c8d2
  depends:
  - python >=3.8
  license: MIT
  license_family: MIT
  purls:
  - pkg:pypi/platformdirs?source=hash-mapping
  size: 20625
  timestamp: 1726613611845
- conda: https://conda.anaconda.org/conda-forge/noarch/pluggy-1.5.0-pyhd8ed1ab_0.conda
  sha256: 33eaa3359948a260ebccf9cdc2fd862cea5a6029783289e13602d8e634cd9a26
  md5: d3483c8fc2dc2cc3f5cf43e26d60cabf
  depends:
  - python >=3.8
  license: MIT
  license_family: MIT
  purls:
  - pkg:pypi/pluggy?source=hash-mapping
  size: 23815
  timestamp: 1713667175451
- conda: https://conda.anaconda.org/conda-forge/noarch/ptyprocess-0.7.0-pyhd3deb0d_0.tar.bz2
  sha256: fb31e006a25eb2e18f3440eb8d17be44c8ccfae559499199f73584566d0a444a
  md5: 359eeb6536da0e687af562ed265ec263
  depends:
  - python
  license: ISC
  purls:
  - pkg:pypi/ptyprocess?source=hash-mapping
  size: 16546
  timestamp: 1609419417991
- conda: https://conda.anaconda.org/conda-forge/noarch/pycparser-2.22-pyhd8ed1ab_0.conda
  sha256: 406001ebf017688b1a1554b49127ca3a4ac4626ec0fd51dc75ffa4415b720b64
  md5: 844d9eb3b43095b031874477f7d70088
  depends:
  - python >=3.8
  license: BSD-3-Clause
  license_family: BSD
  purls:
  - pkg:pypi/pycparser?source=hash-mapping
  size: 105098
  timestamp: 1711811634025
- conda: https://conda.anaconda.org/conda-forge/noarch/pygments-2.18.0-pyhd8ed1ab_0.conda
  sha256: 78267adf4e76d0d64ea2ffab008c501156c108bb08fecb703816fb63e279780b
  md5: b7f5c092b8f9800150d998a71b76d5a1
  depends:
  - python >=3.8
  license: BSD-2-Clause
  license_family: BSD
  purls:
  - pkg:pypi/pygments?source=hash-mapping
  size: 879295
  timestamp: 1714846885370
- conda: https://conda.anaconda.org/conda-forge/noarch/pysocks-1.7.1-pyh0701188_6.tar.bz2
  sha256: b3a612bc887f3dd0fb7c4199ad8e342bd148cf69a9b74fd9468a18cf2bef07b7
  md5: 56cd9fe388baac0e90c7149cfac95b60
  depends:
  - __win
  - python >=3.8
  - win_inet_pton
  license: BSD-3-Clause
  license_family: BSD
  purls:
  - pkg:pypi/pysocks?source=hash-mapping
  size: 19348
  timestamp: 1661605138291
- conda: https://conda.anaconda.org/conda-forge/noarch/pytest-8.4.1-pyhd8ed1ab_0.conda
  sha256: 93e267e4ec35353e81df707938a6527d5eb55c97bf54c3b87229b69523afb59d
  md5: a49c2283f24696a7b30367b7346a0144
  depends:
  - colorama >=0.4
  - exceptiongroup >=1
  - iniconfig >=1
  - packaging >=20
  - pluggy >=1.5,<2
  - pygments >=2.7.2
  - python >=3.9
  - tomli >=1
  constrains:
  - pytest-faulthandler >=2
  license: MIT
  purls:
  - pkg:pypi/pytest?source=hash-mapping
  size: 276562
  timestamp: 1750239526127
- conda: https://conda.anaconda.org/conda-forge/win-64/python-3.13.0-hf5aa216_100_cp313.conda
  build_number: 100
  sha256: 18f3f0bd514c9101d38d57835b2d027958f3ae4b3b65c22d187a857aa26b3a08
  md5: 3c2f7ad3f598480fe2a09e4e33cb1a2a
  depends:
  - bzip2 >=1.0.8,<2.0a0
  - libexpat >=2.6.3,<3.0a0
  - libffi >=3.4,<4.0a0
  - libmpdec >=4.0.0,<5.0a0
  - libsqlite >=3.46.1,<4.0a0
  - libzlib >=1.3.1,<2.0a0
  - openssl >=3.3.2,<4.0a0
  - python_abi 3.13.* *_cp313
  - tk >=8.6.13,<8.7.0a0
  - tzdata
  - ucrt >=10.0.20348.0
  - vc >=14.2,<15
  - vc14_runtime >=14.29.30139
  - xz >=5.2.6,<6.0a0
  license: Python-2.0
  purls: []
  size: 16641177
  timestamp: 1728417810202
- conda: https://conda.anaconda.org/conda-forge/win-64/python_abi-3.13-5_cp313.conda
  build_number: 5
  sha256: 0c12cc1b84962444002c699ed21e815fb9f686f950d734332a1b74d07db97756
  md5: 44b4fe6f22b57103afb2299935c8b68e
  constrains:
  - python 3.13.* *_cp313
  license: BSD-3-Clause
  license_family: BSD
  purls: []
  size: 6716
  timestamp: 1723823166911
- conda: https://conda.anaconda.org/conda-forge/win-64/pywin32-ctypes-0.2.3-py313hfa70ccb_1.conda
  sha256: 4552b2a4a53caaf06c4abc8142981ffac070941708faee40706ae26477281ce7
  md5: c838b4e201fc7a40ce746286efb1c3a3
  depends:
  - python >=3.13.0rc2,<3.14.0a0
  - python_abi 3.13.* *_cp313
  license: BSD-3-Clause
  license_family: BSD
  purls:
  - pkg:pypi/pywin32-ctypes?source=hash-mapping
  size: 57565
  timestamp: 1727282366649
- conda: https://conda.anaconda.org/conda-forge/noarch/readme_renderer-44.0-pyhd8ed1ab_0.conda
  sha256: 0e6fdf0b30448ca92a0767e982182154d531391856296feda983053c41cdac6f
  md5: 63260acf67cb6169bdf519405b96ee63
  depends:
  - cmarkgfm >=0.8.0
  - docutils >=0.21.2
  - nh3 >=0.2.14
  - pygments >=2.5.1
  - python >=3.9
  license: Apache-2.0
  license_family: APACHE
  purls:
  - pkg:pypi/readme-renderer?source=hash-mapping
  size: 17186
  timestamp: 1720528649611
- conda: https://conda.anaconda.org/conda-forge/noarch/requests-2.32.3-pyhd8ed1ab_0.conda
  sha256: 5845ffe82a6fa4d437a2eae1e32a1ad308d7ad349f61e337c0a890fe04c513cc
  md5: 5ede4753180c7a550a443c430dc8ab52
  depends:
  - certifi >=2017.4.17
  - charset-normalizer >=2,<4
  - idna >=2.5,<4
  - python >=3.8
  - urllib3 >=1.21.1,<3
  constrains:
  - chardet >=3.0.2,<6
  license: Apache-2.0
  license_family: APACHE
  purls:
  - pkg:pypi/requests?source=hash-mapping
  size: 58810
  timestamp: 1717057174842
- conda: https://conda.anaconda.org/conda-forge/noarch/requests-toolbelt-1.0.0-pyhd8ed1ab_0.conda
  sha256: 20eaefc5dba74ff6c31e537533dde59b5b20f69e74df49dff19d43be59785fa3
  md5: 99c98318c8646b08cc764f90ce98906e
  depends:
  - python >=3.6
  - requests >=2.0.1,<3.0.0
  license: Apache-2.0
  license_family: APACHE
  purls:
  - pkg:pypi/requests-toolbelt?source=hash-mapping
  size: 43939
  timestamp: 1682953467574
- conda: https://conda.anaconda.org/conda-forge/noarch/rfc3986-2.0.0-pyhd8ed1ab_0.tar.bz2
  sha256: dd6bfb7c4248ba7612f2e6e4a066d6804ba96dfcaeddf43475a2c846ccfcc396
  md5: d337886e38f965bf97aaec382ff6db00
  depends:
  - python >=3.4
  license: Apache-2.0
  license_family: APACHE
  purls:
  - pkg:pypi/rfc3986?source=hash-mapping
  size: 34075
  timestamp: 1641825125307
- conda: https://conda.anaconda.org/conda-forge/noarch/rich-13.9.4-pyhd8ed1ab_0.conda
  sha256: c009488fc07fd5557434c9c1ad32ab1dd50241d6a766e4b2b4125cd6498585a8
  md5: bcf8cc8924b5d20ead3d122130b8320b
  depends:
  - markdown-it-py >=2.2.0
  - pygments >=2.13.0,<3.0.0
  - python >=3.8
  - typing_extensions >=4.0.0,<5.0.0
  license: MIT
  license_family: MIT
  purls:
  - pkg:pypi/rich?source=hash-mapping
  size: 185481
  timestamp: 1730592349978
- conda: https://conda.anaconda.org/conda-forge/noarch/shellingham-1.5.4-pyhd8ed1ab_0.conda
  sha256: 3c49a0a101c41b7cf6ac05a1872d7a1f91f1b6d02eecb4a36b605a19517862bb
  md5: d08db09a552699ee9e7eec56b4eb3899
  depends:
  - python >=3.7
  license: MIT
  license_family: MIT
  purls:
  - pkg:pypi/shellingham?source=hash-mapping
  size: 14568
  timestamp: 1698144516278
- conda: https://conda.anaconda.org/conda-forge/noarch/sniffio-1.3.1-pyhd8ed1ab_0.conda
  sha256: bc12100b2d8836b93c55068b463190505b8064d0fc7d025e89f20ebf22fe6c2b
  md5: 490730480d76cf9c8f8f2849719c6e2b
  depends:
  - python >=3.7
  license: Apache-2.0
  license_family: Apache
  purls:
  - pkg:pypi/sniffio?source=hash-mapping
  size: 15064
  timestamp: 1708953086199
- conda: https://conda.anaconda.org/conda-forge/win-64/tk-8.6.13-h5226925_1.conda
  sha256: 2c4e914f521ccb2718946645108c9bd3fc3216ba69aea20c2c3cedbd8db32bb1
  md5: fc048363eb8f03cd1737600a5d08aafe
  depends:
  - ucrt >=10.0.20348.0
  - vc >=14.2,<15
  - vc14_runtime >=14.29.30139
  license: TCL
  license_family: BSD
  purls: []
  size: 3503410
  timestamp: 1699202577803
- conda: https://conda.anaconda.org/conda-forge/noarch/tomli-2.1.0-pyhff2d567_0.conda
  sha256: 354b8a64d4f3311179d85aefc529ca201a36afc1af090d0010c46be7b79f9a47
  md5: 3fa1089b4722df3a900135925f4519d9
  depends:
  - python >=3.9
  license: MIT
  license_family: MIT
  purls:
  - pkg:pypi/tomli?source=hash-mapping
  size: 18741
  timestamp: 1731426862834
- conda: https://conda.anaconda.org/conda-forge/noarch/tomli-w-1.1.0-pyhd8ed1ab_0.conda
  sha256: 25b88bb2c4e79be642d8e5b5738781404055cd596403a20511e6fa30f0c71585
  md5: 2c5eb5b3a0fd2c4787d8162f57da2a20
  depends:
  - python >=3.9
  license: MIT
  license_family: MIT
  purls:
  - pkg:pypi/tomli-w?source=hash-mapping
  size: 12323
  timestamp: 1728405537678
- conda: https://conda.anaconda.org/conda-forge/noarch/tomlkit-0.13.2-pyha770c72_0.conda
  sha256: 2ccfe8dafdc1f1af944bca6bdf28fa97b5fa6125d84b8895a4e918a020853c12
  md5: 0062a5f3347733f67b0f33ca48cc21dd
  depends:
  - python >=3.8
  license: MIT
  license_family: MIT
  purls:
  - pkg:pypi/tomlkit?source=hash-mapping
  size: 37279
  timestamp: 1723631592742
- conda: https://conda.anaconda.org/conda-forge/noarch/trove-classifiers-2024.10.21.16-pyhd8ed1ab_0.conda
  sha256: 591e4ffdc95660b9e596c15b65cad35a70b36235f02dbd089ccc198dd5af0e71
  md5: 501f6d3288160a31d99a2f1321e77393
  depends:
  - python >=3.7
  license: Apache-2.0
  license_family: Apache
  purls:
  - pkg:pypi/trove-classifiers?source=hash-mapping
  size: 18429
  timestamp: 1729552033760
- conda: https://conda.anaconda.org/conda-forge/noarch/twine-5.1.1-pyhd8ed1ab_0.conda
  sha256: e54a95bbc254e1196ebb4cb65b5653292e5ff83f924215bbe4a28c437e04754d
  md5: 5463141e576b9aaa0db7ed488e298241
  depends:
  - importlib-metadata >=3.6
  - keyring >=15.1
  - pkginfo >=1.8.1,<1.11
  - python >=3.8
  - readme_renderer >=35.0
  - requests >=2.20
  - requests-toolbelt >=0.8.0,!=0.9.0
  - rfc3986 >=1.4.0
  - rich >=12.0.0
  - urllib3 >=1.26.0
  license: Apache-2.0
  license_family: Apache
  purls:
  - pkg:pypi/twine?source=hash-mapping
  size: 33938
  timestamp: 1719431080574
- conda: https://conda.anaconda.org/conda-forge/noarch/typing-extensions-4.12.2-hd8ed1ab_0.conda
  noarch: python
  sha256: d3b9a8ed6da7c9f9553c5fd8a4fca9c3e0ab712fa5f497859f82337d67533b73
  md5: 52d648bd608f5737b123f510bb5514b5
  depends:
  - typing_extensions 4.12.2 pyha770c72_0
  license: PSF-2.0
  license_family: PSF
  purls: []
  size: 10097
  timestamp: 1717802659025
- conda: https://conda.anaconda.org/conda-forge/noarch/typing_extensions-4.12.2-pyha770c72_0.conda
  sha256: 0fce54f8ec3e59f5ef3bb7641863be4e1bf1279623e5af3d3fa726e8f7628ddb
  md5: ebe6952715e1d5eb567eeebf25250fa7
  depends:
  - python >=3.8
  license: PSF-2.0
  license_family: PSF
  purls:
  - pkg:pypi/typing-extensions?source=hash-mapping
  size: 39888
  timestamp: 1717802653893
- conda: https://conda.anaconda.org/conda-forge/noarch/tzdata-2024b-hc8b5060_0.conda
  sha256: 4fde5c3008bf5d2db82f2b50204464314cc3c91c1d953652f7bd01d9e52aefdf
  md5: 8ac3367aafb1cc0a068483c580af8015
  license: LicenseRef-Public-Domain
  purls: []
  size: 122354
  timestamp: 1728047496079
- conda: https://conda.anaconda.org/conda-forge/win-64/ucrt-10.0.22621.0-h57928b3_1.conda
  sha256: db8dead3dd30fb1a032737554ce91e2819b43496a0db09927edf01c32b577450
  md5: 6797b005cd0f439c4c5c9ac565783700
  constrains:
  - vs2015_runtime >=14.29.30037
  license: LicenseRef-MicrosoftWindowsSDK10
  purls: []
  size: 559710
  timestamp: 1728377334097
- conda: https://conda.anaconda.org/conda-forge/noarch/urllib3-2.2.3-pyhd8ed1ab_0.conda
  sha256: b6bb34ce41cd93956ad6eeee275ed52390fb3788d6c75e753172ea7ac60b66e5
  md5: 6b55867f385dd762ed99ea687af32a69
  depends:
  - brotli-python >=1.0.9
  - h2 >=4,<5
  - pysocks >=1.5.6,<2.0,!=1.5.7
  - python >=3.8
  - zstandard >=0.18.0
  license: MIT
  license_family: MIT
  purls:
  - pkg:pypi/urllib3?source=hash-mapping
  size: 98076
  timestamp: 1726496531769
- conda: https://conda.anaconda.org/conda-forge/noarch/userpath-1.7.0-pyhd8ed1ab_0.tar.bz2
  sha256: c8cbddd625340e1b00b53bafabc764526ee85f7ddb91018424bab0eea057796d
  md5: 5bf074c9253a3bf914becfc50757406f
  depends:
  - click
  - python >=3.6
  license: MIT
  license_family: MIT
  purls:
  - pkg:pypi/userpath?source=hash-mapping
  size: 17423
  timestamp: 1632758637093
- conda: https://conda.anaconda.org/conda-forge/win-64/uv-0.5.4-ha08ef0e_0.conda
  sha256: 493bece8c71254c2f9002fe5f53dd71265ce38d9dee2842286120e86acc2e523
  md5: 9fc38b02b5c4fa1be9a42c1b951d98e1
  depends:
  - ucrt >=10.0.20348.0
  - vc >=14.2,<15
  - vc14_runtime >=14.29.30139
  license: Apache-2.0 OR MIT
  purls: []
  size: 10797785
  timestamp: 1732160258909
- conda: https://conda.anaconda.org/conda-forge/win-64/vc-14.3-ha32ba9b_23.conda
  sha256: 986ddaf8feec2904eac9535a7ddb7acda1a1dfb9482088fdb8129f1595181663
  md5: 7c10ec3158d1eb4ddff7007c9101adb0
  depends:
  - vc14_runtime >=14.38.33135
  track_features:
  - vc14
  license: BSD-3-Clause
  license_family: BSD
  purls: []
  size: 17479
  timestamp: 1731710827215
- conda: https://conda.anaconda.org/conda-forge/win-64/vc14_runtime-14.42.34433-he29a5d6_23.conda
  sha256: c483b090c4251a260aba6ff3e83a307bcfb5fb24ad7ced872ab5d02971bd3a49
  md5: 32b37d0cfa80da34548501cdc913a832
  depends:
  - ucrt >=10.0.20348.0
  constrains:
  - vs2015_runtime 14.42.34433.* *_23
  license: LicenseRef-MicrosoftVisualCpp2015-2022Runtime
  license_family: Proprietary
  purls: []
  size: 754247
  timestamp: 1731710681163
- conda: https://conda.anaconda.org/conda-forge/noarch/virtualenv-20.28.0-pyhd8ed1ab_0.conda
  sha256: 82776f74e90a296b79415361faa6b10f360755c1fb8e6d59ca68509e6fe7e115
  md5: 1d601bc1d28b5ce6d112b90f4b9b8ede
  depends:
  - distlib >=0.3.7,<1
  - filelock >=3.12.2,<4
  - platformdirs >=3.9.1,<5
  - python >=3.9
  license: MIT
  purls:
  - pkg:pypi/virtualenv?source=hash-mapping
  size: 3350255
  timestamp: 1732609542072
- conda: https://conda.anaconda.org/conda-forge/win-64/vs2015_runtime-14.42.34433-hdffcdeb_23.conda
  sha256: 568ce8151eaae256f1cef752fc78651ad7a86ff05153cc7a4740b52ae6536118
  md5: 5c176975ca2b8366abad3c97b3cd1e83
  depends:
  - vc14_runtime >=14.42.34433
  license: BSD-3-Clause
  license_family: BSD
  purls: []
  size: 17572
  timestamp: 1731710685291
- conda: https://conda.anaconda.org/conda-forge/noarch/win_inet_pton-1.1.0-pyh7428d3b_7.conda
  sha256: c5297692ab34aade5e21107abaf623d6f93847662e25f655320038d2bfa1a812
  md5: c998c13b2f998af57c3b88c7a47979e0
  depends:
  - __win
  - python >=3.6
  license: LicenseRef-Public-Domain
  purls:
  - pkg:pypi/win-inet-pton?source=hash-mapping
  size: 9602
  timestamp: 1727796413384
- conda: https://conda.anaconda.org/conda-forge/win-64/xz-5.2.6-h8d14728_0.tar.bz2
  sha256: 54d9778f75a02723784dc63aff4126ff6e6749ba21d11a6d03c1f4775f269fe0
  md5: 515d77642eaa3639413c6b1bc3f94219
  depends:
  - vc >=14.1,<15
  - vs2015_runtime >=14.16.27033
  license: LGPL-2.1 and GPL-2.0
  purls: []
  size: 217804
  timestamp: 1660346976440
- conda: https://conda.anaconda.org/conda-forge/noarch/zipp-3.21.0-pyhd8ed1ab_0.conda
  sha256: 232a30e4b0045c9de5e168dda0328dc0e28df9439cdecdfb97dd79c1c82c4cec
  md5: fee389bf8a4843bd7a2248ce11b7f188
  depends:
  - python >=3.8
  license: MIT
  license_family: MIT
  purls:
  - pkg:pypi/zipp?source=hash-mapping
  size: 21702
  timestamp: 1731262194278
- conda: https://conda.anaconda.org/conda-forge/win-64/zstandard-0.23.0-py313h574b89f_1.conda
  sha256: 1d2744ec0e91da267ce749e19142081472539cb140a7dad0646cd249246691fe
  md5: 8e017aca933f4dd25491151edd3e7820
  depends:
  - cffi >=1.11
  - python >=3.13.0rc1,<3.14.0a0
  - python_abi 3.13.* *_cp313
  - ucrt >=10.0.20348.0
  - vc >=14.2,<15
  - vc14_runtime >=14.29.30139
  - zstd >=1.5.6,<1.5.7.0a0
  - zstd >=1.5.6,<1.6.0a0
  license: BSD-3-Clause
  license_family: BSD
  purls:
  - pkg:pypi/zstandard?source=hash-mapping
  size: 325703
  timestamp: 1725305947138
- conda: https://conda.anaconda.org/conda-forge/win-64/zstd-1.5.6-h0ea2cb4_0.conda
  sha256: 768e30dc513568491818fb068ee867c57c514b553915536da09e5d10b4ebf3c3
  md5: 9a17230f95733c04dc40a2b1e5491d74
  depends:
  - libzlib >=1.2.13,<2.0.0a0
  - ucrt >=10.0.20348.0
  - vc >=14.2,<15
  - vc14_runtime >=14.29.30139
  license: BSD-3-Clause
  license_family: BSD
  purls: []
  size: 349143
  timestamp: 1714723445995
