# generated by rye
# use `rye lock` or `rye sync` to update this lockfile
#
# last locked with the following flags:
#   pre: false
#   features: []
#   all-features: false
#   with-sources: false
#   generate-hashes: false
#   universal: false

-e file:.
cachetools==5.5.0
    # via google-auth
certifi==2024.8.30
    # via requests
charset-normalizer==3.4.0
    # via requests
click==8.1.7
    # via code-battles-cli
google-api-core==2.21.0
    # via google-cloud-core
    # via google-cloud-firestore
google-auth==2.35.0
    # via google-api-core
    # via google-cloud-core
    # via google-cloud-firestore
google-cloud-core==2.4.1
    # via google-cloud-firestore
google-cloud-firestore==2.19.0
    # via code-battles-cli
googleapis-common-protos==1.65.0
    # via google-api-core
    # via grpcio-status
grpcio==1.67.0
    # via google-api-core
    # via grpcio-status
grpcio-status==1.67.0
    # via google-api-core
idna==3.10
    # via requests
markdown-it-py==3.0.0
    # via rich
mdurl==0.1.2
    # via markdown-it-py
proto-plus==1.24.0
    # via google-api-core
    # via google-cloud-firestore
protobuf==5.28.2
    # via google-api-core
    # via google-cloud-firestore
    # via googleapis-common-protos
    # via grpcio-status
    # via proto-plus
pyasn1==0.6.1
    # via pyasn1-modules
    # via rsa
pyasn1-modules==0.4.1
    # via google-auth
pygments==2.18.0
    # via rich
requests==2.32.3
    # via code-battles-cli
    # via google-api-core
rich==13.9.3
    # via code-battles-cli
rsa==4.9
    # via google-auth
urllib3==2.2.3
    # via requests
